
Microsoft Visual Studio Solution File, Format Version 12.00
# Visual Studio 15
VisualStudioVersion = 15.0.28010.2003
MinimumVisualStudioVersion = 10.0.40219.1
Project("{FAE04EC0-301F-11D3-BF4B-00C04F79EFBC}") = "ENGyn", "ENGyn\ENGyn.csproj", "{0CF6E1A1-FD98-41C4-B377-3C7324361B63}"
	ProjectSection(ProjectDependencies) = postProject
		{03FEEE33-461A-45B4-BD6F-7154E58A12DB} = {03FEEE33-461A-45B4-BD6F-7154E58A12DB}
	EndProjectSection
EndProject
Project("{FAE04EC0-301F-11D3-BF4B-00C04F79EFBC}") = "ENGyn-Nodes", "ENGyn-Nodes\ENGyn-Nodes.csproj", "{03FEEE33-461A-45B4-BD6F-7154E58A12DB}"
EndProject
Project("{FAE04EC0-301F-11D3-BF4B-00C04F79EFBC}") = "ENGyn-AppearanceProfiler", "AppearanceProfiler\ENGyn-AppearanceProfiler.csproj", "{3069A3F2-F67C-4E4D-AD8C-451AF5845E7A}"
EndProject
Project("{FAE04EC0-301F-11D3-BF4B-00C04F79EFBC}") = "TUM.CMS.VplControl", "TUM.CMS.VPLControl\src\TUM.CMS.VplControl\TUM.CMS.VplControl.csproj", "{593E9BFD-BE78-4487-9E22-76AE7DF0B84A}"
EndProject
Project("{FAE04EC0-301F-11D3-BF4B-00C04F79EFBC}") = "TUM.CMS.VplControl.Test", "TUM.CMS.VPLControl\src\TUM.CMS.VplControl.Test\TUM.CMS.VplControl.Test.csproj", "{A2AAA7E5-91CA-4349-8569-0A21037CE666}"
EndProject
Project("{2150E333-8FDC-42A3-9474-1A3956D46DE8}") = "Navisworks 2017", "Navisworks 2017", "{CC002125-5DE3-4CF9-BF25-D4CDCCA06AEF}"
EndProject
Project("{2150E333-8FDC-42A3-9474-1A3956D46DE8}") = "Navisworks 2018", "Navisworks 2018", "{94779093-584F-40D1-B6DF-0A7F200AAAEE}"
EndProject
Project("{2150E333-8FDC-42A3-9474-1A3956D46DE8}") = "Navisworks 2019", "Navisworks 2019", "{1AD8E3EE-82F0-424B-BDD5-AA06EE4F1F48}"
EndProject
Project("{FAE04EC0-301F-11D3-BF4B-00C04F79EFBC}") = "ENGyn-2019", "2019\ENGyn\ENGyn-2019\ENGyn-2019.csproj", "{DEE30191-3915-450F-84FC-DDA334923860}"
EndProject
Project("{FAE04EC0-301F-11D3-BF4B-00C04F79EFBC}") = "ENGyn-2018", "2018\ENGyn\ENGyn-2018.csproj", "{DAD36D0F-38F4-4928-8BBE-34F5631C6099}"
EndProject
Project("{FAE04EC0-301F-11D3-BF4B-00C04F79EFBC}") = "ENGyn-2017", "2017\ENGyn\ENGyn-2017.csproj", "{BCF967E6-B390-4E20-A85D-1B9F0499AC7B}"
EndProject
Project("{FAE04EC0-301F-11D3-BF4B-00C04F79EFBC}") = "ENGyn-Nodes-2017", "2017\ENGyn-Nodes\ENGyn-Nodes-2017.csproj", "{0C36090F-1EAD-46FF-B476-09C83A6CD2C3}"
EndProject
Project("{FAE04EC0-301F-11D3-BF4B-00C04F79EFBC}") = "ENGyn-Nodes-2018", "2018\ENGyn-Nodes\ENGyn-Nodes-2018.csproj", "{75183C76-FD7C-4539-AB78-BF7E736558AF}"
EndProject
Global
	GlobalSection(SolutionConfigurationPlatforms) = preSolution
		2017|Any CPU = 2017|Any CPU
		2017|x64 = 2017|x64
		2018|Any CPU = 2018|Any CPU
		2018|x64 = 2018|x64
		2019|Any CPU = 2019|Any CPU
		2019|x64 = 2019|x64
		Autodesk Navisworks Manage 2017|Any CPU = Autodesk Navisworks Manage 2017|Any CPU
		Autodesk Navisworks Manage 2017|x64 = Autodesk Navisworks Manage 2017|x64
		Autodesk Navisworks Manage 2018|Any CPU = Autodesk Navisworks Manage 2018|Any CPU
		Autodesk Navisworks Manage 2018|x64 = Autodesk Navisworks Manage 2018|x64
		Autodesk Navisworks Manage 2019|Any CPU = Autodesk Navisworks Manage 2019|Any CPU
		Autodesk Navisworks Manage 2019|x64 = Autodesk Navisworks Manage 2019|x64
		Debug|Any CPU = Debug|Any CPU
		Debug|x64 = Debug|x64
		Release|Any CPU = Release|Any CPU
		Release|x64 = Release|x64
	EndGlobalSection
	GlobalSection(ProjectConfigurationPlatforms) = postSolution
		{0CF6E1A1-FD98-41C4-B377-3C7324361B63}.2017|Any CPU.ActiveCfg = Autodesk Navisworks Manage 2017|Any CPU
		{0CF6E1A1-FD98-41C4-B377-3C7324361B63}.2017|x64.ActiveCfg = Autodesk Navisworks Manage 2017|x64
		{0CF6E1A1-FD98-41C4-B377-3C7324361B63}.2017|x64.Build.0 = Autodesk Navisworks Manage 2017|x64
		{0CF6E1A1-FD98-41C4-B377-3C7324361B63}.2018|Any CPU.ActiveCfg = Autodesk Navisworks Manage 2018|Any CPU
		{0CF6E1A1-FD98-41C4-B377-3C7324361B63}.2018|Any CPU.Build.0 = Autodesk Navisworks Manage 2018|Any CPU
		{0CF6E1A1-FD98-41C4-B377-3C7324361B63}.2018|x64.ActiveCfg = Autodesk Navisworks Manage 2017|x64
		{0CF6E1A1-FD98-41C4-B377-3C7324361B63}.2018|x64.Build.0 = Autodesk Navisworks Manage 2017|x64
		{0CF6E1A1-FD98-41C4-B377-3C7324361B63}.2019|Any CPU.ActiveCfg = Autodesk Navisworks Manage 2019|Any CPU
		{0CF6E1A1-FD98-41C4-B377-3C7324361B63}.2019|Any CPU.Build.0 = Autodesk Navisworks Manage 2019|Any CPU
		{0CF6E1A1-FD98-41C4-B377-3C7324361B63}.2019|x64.ActiveCfg = Autodesk Navisworks Manage 2018|x64
		{0CF6E1A1-FD98-41C4-B377-3C7324361B63}.2019|x64.Build.0 = Autodesk Navisworks Manage 2018|x64
		{0CF6E1A1-FD98-41C4-B377-3C7324361B63}.Autodesk Navisworks Manage 2017|Any CPU.ActiveCfg = Autodesk Navisworks Manage 2017|Any CPU
		{0CF6E1A1-FD98-41C4-B377-3C7324361B63}.Autodesk Navisworks Manage 2017|Any CPU.Build.0 = Autodesk Navisworks Manage 2017|Any CPU
		{0CF6E1A1-FD98-41C4-B377-3C7324361B63}.Autodesk Navisworks Manage 2017|x64.ActiveCfg = Autodesk Navisworks Manage 2017|x64
		{0CF6E1A1-FD98-41C4-B377-3C7324361B63}.Autodesk Navisworks Manage 2017|x64.Build.0 = Autodesk Navisworks Manage 2017|x64
		{0CF6E1A1-FD98-41C4-B377-3C7324361B63}.Autodesk Navisworks Manage 2018|Any CPU.ActiveCfg = Autodesk Navisworks Manage 2018|Any CPU
		{0CF6E1A1-FD98-41C4-B377-3C7324361B63}.Autodesk Navisworks Manage 2018|Any CPU.Build.0 = Autodesk Navisworks Manage 2018|Any CPU
		{0CF6E1A1-FD98-41C4-B377-3C7324361B63}.Autodesk Navisworks Manage 2018|x64.ActiveCfg = Autodesk Navisworks Manage 2018|x64
		{0CF6E1A1-FD98-41C4-B377-3C7324361B63}.Autodesk Navisworks Manage 2018|x64.Build.0 = Autodesk Navisworks Manage 2018|x64
		{0CF6E1A1-FD98-41C4-B377-3C7324361B63}.Autodesk Navisworks Manage 2019|Any CPU.ActiveCfg = Autodesk Navisworks Manage 2019|Any CPU
		{0CF6E1A1-FD98-41C4-B377-3C7324361B63}.Autodesk Navisworks Manage 2019|Any CPU.Build.0 = Autodesk Navisworks Manage 2019|Any CPU
		{0CF6E1A1-FD98-41C4-B377-3C7324361B63}.Autodesk Navisworks Manage 2019|x64.ActiveCfg = Autodesk Navisworks Manage 2019|x64
		{0CF6E1A1-FD98-41C4-B377-3C7324361B63}.Autodesk Navisworks Manage 2019|x64.Build.0 = Autodesk Navisworks Manage 2019|x64
		{0CF6E1A1-FD98-41C4-B377-3C7324361B63}.Debug|Any CPU.ActiveCfg = Autodesk Navisworks Manage 2019|Any CPU
		{0CF6E1A1-FD98-41C4-B377-3C7324361B63}.Debug|Any CPU.Build.0 = Autodesk Navisworks Manage 2019|Any CPU
		{0CF6E1A1-FD98-41C4-B377-3C7324361B63}.Debug|x64.ActiveCfg = Autodesk Navisworks Manage 2018|x64
		{0CF6E1A1-FD98-41C4-B377-3C7324361B63}.Debug|x64.Build.0 = Autodesk Navisworks Manage 2018|x64
		{0CF6E1A1-FD98-41C4-B377-3C7324361B63}.Release|Any CPU.ActiveCfg = Autodesk Navisworks Manage 2019|Any CPU
		{0CF6E1A1-FD98-41C4-B377-3C7324361B63}.Release|Any CPU.Build.0 = Autodesk Navisworks Manage 2019|Any CPU
		{0CF6E1A1-FD98-41C4-B377-3C7324361B63}.Release|x64.ActiveCfg = Autodesk Navisworks Manage 2018|x64
		{0CF6E1A1-FD98-41C4-B377-3C7324361B63}.Release|x64.Build.0 = Autodesk Navisworks Manage 2018|x64
		{03FEEE33-461A-45B4-BD6F-7154E58A12DB}.2017|Any CPU.ActiveCfg = Autodesk Navisworks Manage 2017|Any CPU
		{03FEEE33-461A-45B4-BD6F-7154E58A12DB}.2017|Any CPU.Build.0 = Autodesk Navisworks Manage 2017|Any CPU
		{03FEEE33-461A-45B4-BD6F-7154E58A12DB}.2017|x64.ActiveCfg = Autodesk Navisworks Manage 2017|Any CPU
		{03FEEE33-461A-45B4-BD6F-7154E58A12DB}.2017|x64.Build.0 = Autodesk Navisworks Manage 2017|Any CPU
		{03FEEE33-461A-45B4-BD6F-7154E58A12DB}.2018|Any CPU.ActiveCfg = Autodesk Navisworks Manage 2018|Any CPU
		{03FEEE33-461A-45B4-BD6F-7154E58A12DB}.2018|Any CPU.Build.0 = Autodesk Navisworks Manage 2018|Any CPU
		{03FEEE33-461A-45B4-BD6F-7154E58A12DB}.2018|x64.ActiveCfg = Autodesk Navisworks Manage 2018|Any CPU
		{03FEEE33-461A-45B4-BD6F-7154E58A12DB}.2018|x64.Build.0 = Autodesk Navisworks Manage 2018|Any CPU
		{03FEEE33-461A-45B4-BD6F-7154E58A12DB}.2019|Any CPU.ActiveCfg = Autodesk Navisworks Manage 2019|Any CPU
		{03FEEE33-461A-45B4-BD6F-7154E58A12DB}.2019|Any CPU.Build.0 = Autodesk Navisworks Manage 2019|Any CPU
		{03FEEE33-461A-45B4-BD6F-7154E58A12DB}.2019|x64.ActiveCfg = Autodesk Navisworks Manage 2019|Any CPU
		{03FEEE33-461A-45B4-BD6F-7154E58A12DB}.2019|x64.Build.0 = Autodesk Navisworks Manage 2019|Any CPU
		{03FEEE33-461A-45B4-BD6F-7154E58A12DB}.Autodesk Navisworks Manage 2017|Any CPU.ActiveCfg = Autodesk Navisworks Manage 2017|Any CPU
		{03FEEE33-461A-45B4-BD6F-7154E58A12DB}.Autodesk Navisworks Manage 2017|Any CPU.Build.0 = Autodesk Navisworks Manage 2017|Any CPU
		{03FEEE33-461A-45B4-BD6F-7154E58A12DB}.Autodesk Navisworks Manage 2017|x64.ActiveCfg = Autodesk Navisworks Manage 2017|Any CPU
		{03FEEE33-461A-45B4-BD6F-7154E58A12DB}.Autodesk Navisworks Manage 2017|x64.Build.0 = Autodesk Navisworks Manage 2017|Any CPU
		{03FEEE33-461A-45B4-BD6F-7154E58A12DB}.Autodesk Navisworks Manage 2018|Any CPU.ActiveCfg = Autodesk Navisworks Manage 2018|Any CPU
		{03FEEE33-461A-45B4-BD6F-7154E58A12DB}.Autodesk Navisworks Manage 2018|Any CPU.Build.0 = Autodesk Navisworks Manage 2018|Any CPU
		{03FEEE33-461A-45B4-BD6F-7154E58A12DB}.Autodesk Navisworks Manage 2018|x64.ActiveCfg = Autodesk Navisworks Manage 2018|Any CPU
		{03FEEE33-461A-45B4-BD6F-7154E58A12DB}.Autodesk Navisworks Manage 2018|x64.Build.0 = Autodesk Navisworks Manage 2018|Any CPU
		{03FEEE33-461A-45B4-BD6F-7154E58A12DB}.Autodesk Navisworks Manage 2019|Any CPU.ActiveCfg = Autodesk Navisworks Manage 2019|Any CPU
		{03FEEE33-461A-45B4-BD6F-7154E58A12DB}.Autodesk Navisworks Manage 2019|Any CPU.Build.0 = Autodesk Navisworks Manage 2019|Any CPU
		{03FEEE33-461A-45B4-BD6F-7154E58A12DB}.Autodesk Navisworks Manage 2019|x64.ActiveCfg = Autodesk Navisworks Manage 2019|Any CPU
		{03FEEE33-461A-45B4-BD6F-7154E58A12DB}.Autodesk Navisworks Manage 2019|x64.Build.0 = Autodesk Navisworks Manage 2019|Any CPU
		{03FEEE33-461A-45B4-BD6F-7154E58A12DB}.Debug|Any CPU.ActiveCfg = Autodesk Navisworks Manage 2019|Any CPU
		{03FEEE33-461A-45B4-BD6F-7154E58A12DB}.Debug|Any CPU.Build.0 = Autodesk Navisworks Manage 2019|Any CPU
		{03FEEE33-461A-45B4-BD6F-7154E58A12DB}.Debug|x64.ActiveCfg = Autodesk Navisworks Manage 2019|Any CPU
		{03FEEE33-461A-45B4-BD6F-7154E58A12DB}.Debug|x64.Build.0 = Autodesk Navisworks Manage 2019|Any CPU
		{03FEEE33-461A-45B4-BD6F-7154E58A12DB}.Release|Any CPU.ActiveCfg = Autodesk Navisworks Manage 2019|Any CPU
		{03FEEE33-461A-45B4-BD6F-7154E58A12DB}.Release|Any CPU.Build.0 = Autodesk Navisworks Manage 2019|Any CPU
		{03FEEE33-461A-45B4-BD6F-7154E58A12DB}.Release|x64.ActiveCfg = Autodesk Navisworks Manage 2019|Any CPU
		{03FEEE33-461A-45B4-BD6F-7154E58A12DB}.Release|x64.Build.0 = Autodesk Navisworks Manage 2019|Any CPU
		{3069A3F2-F67C-4E4D-AD8C-451AF5845E7A}.2017|Any CPU.ActiveCfg = Debug|Any CPU
		{3069A3F2-F67C-4E4D-AD8C-451AF5845E7A}.2017|Any CPU.Build.0 = Debug|Any CPU
		{3069A3F2-F67C-4E4D-AD8C-451AF5845E7A}.2017|x64.ActiveCfg = Debug|Any CPU
		{3069A3F2-F67C-4E4D-AD8C-451AF5845E7A}.2018|Any CPU.ActiveCfg = Release|Any CPU
		{3069A3F2-F67C-4E4D-AD8C-451AF5845E7A}.2018|x64.ActiveCfg = Debug|Any CPU
		{3069A3F2-F67C-4E4D-AD8C-451AF5845E7A}.2018|x64.Build.0 = Debug|Any CPU
		{3069A3F2-F67C-4E4D-AD8C-451AF5845E7A}.2019|Any CPU.ActiveCfg = Release|Any CPU
		{3069A3F2-F67C-4E4D-AD8C-451AF5845E7A}.2019|x64.ActiveCfg = Debug|Any CPU
		{3069A3F2-F67C-4E4D-AD8C-451AF5845E7A}.2019|x64.Build.0 = Debug|Any CPU
		{3069A3F2-F67C-4E4D-AD8C-451AF5845E7A}.Autodesk Navisworks Manage 2017|Any CPU.ActiveCfg = Release|Any CPU
		{3069A3F2-F67C-4E4D-AD8C-451AF5845E7A}.Autodesk Navisworks Manage 2017|Any CPU.Build.0 = Release|Any CPU
		{3069A3F2-F67C-4E4D-AD8C-451AF5845E7A}.Autodesk Navisworks Manage 2017|x64.ActiveCfg = Release|Any CPU
		{3069A3F2-F67C-4E4D-AD8C-451AF5845E7A}.Autodesk Navisworks Manage 2017|x64.Build.0 = Release|Any CPU
		{3069A3F2-F67C-4E4D-AD8C-451AF5845E7A}.Autodesk Navisworks Manage 2018|Any CPU.ActiveCfg = Release|Any CPU
		{3069A3F2-F67C-4E4D-AD8C-451AF5845E7A}.Autodesk Navisworks Manage 2018|Any CPU.Build.0 = Release|Any CPU
		{3069A3F2-F67C-4E4D-AD8C-451AF5845E7A}.Autodesk Navisworks Manage 2018|x64.ActiveCfg = Release|Any CPU
		{3069A3F2-F67C-4E4D-AD8C-451AF5845E7A}.Autodesk Navisworks Manage 2018|x64.Build.0 = Release|Any CPU
		{3069A3F2-F67C-4E4D-AD8C-451AF5845E7A}.Autodesk Navisworks Manage 2019|Any CPU.ActiveCfg = Release|Any CPU
		{3069A3F2-F67C-4E4D-AD8C-451AF5845E7A}.Autodesk Navisworks Manage 2019|Any CPU.Build.0 = Release|Any CPU
		{3069A3F2-F67C-4E4D-AD8C-451AF5845E7A}.Autodesk Navisworks Manage 2019|x64.ActiveCfg = Release|Any CPU
		{3069A3F2-F67C-4E4D-AD8C-451AF5845E7A}.Autodesk Navisworks Manage 2019|x64.Build.0 = Release|Any CPU
		{3069A3F2-F67C-4E4D-AD8C-451AF5845E7A}.Debug|Any CPU.ActiveCfg = Debug|Any CPU
		{3069A3F2-F67C-4E4D-AD8C-451AF5845E7A}.Debug|Any CPU.Build.0 = Debug|Any CPU
		{3069A3F2-F67C-4E4D-AD8C-451AF5845E7A}.Debug|x64.ActiveCfg = Debug|Any CPU
		{3069A3F2-F67C-4E4D-AD8C-451AF5845E7A}.Debug|x64.Build.0 = Debug|Any CPU
		{3069A3F2-F67C-4E4D-AD8C-451AF5845E7A}.Release|Any CPU.ActiveCfg = Release|Any CPU
		{3069A3F2-F67C-4E4D-AD8C-451AF5845E7A}.Release|Any CPU.Build.0 = Release|Any CPU
		{3069A3F2-F67C-4E4D-AD8C-451AF5845E7A}.Release|x64.ActiveCfg = Release|Any CPU
		{3069A3F2-F67C-4E4D-AD8C-451AF5845E7A}.Release|x64.Build.0 = Release|Any CPU
		{593E9BFD-BE78-4487-9E22-76AE7DF0B84A}.2017|Any CPU.ActiveCfg = Debug|Any CPU
		{593E9BFD-BE78-4487-9E22-76AE7DF0B84A}.2017|Any CPU.Build.0 = Debug|Any CPU
		{593E9BFD-BE78-4487-9E22-76AE7DF0B84A}.2017|x64.ActiveCfg = Debug|Any CPU
		{593E9BFD-BE78-4487-9E22-76AE7DF0B84A}.2018|Any CPU.ActiveCfg = Release|Any CPU
		{593E9BFD-BE78-4487-9E22-76AE7DF0B84A}.2018|x64.ActiveCfg = Release|Any CPU
		{593E9BFD-BE78-4487-9E22-76AE7DF0B84A}.2018|x64.Build.0 = Release|Any CPU
		{593E9BFD-BE78-4487-9E22-76AE7DF0B84A}.2019|Any CPU.ActiveCfg = Release|Any CPU
		{593E9BFD-BE78-4487-9E22-76AE7DF0B84A}.2019|x64.ActiveCfg = Release|Any CPU
		{593E9BFD-BE78-4487-9E22-76AE7DF0B84A}.2019|x64.Build.0 = Release|Any CPU
		{593E9BFD-BE78-4487-9E22-76AE7DF0B84A}.Autodesk Navisworks Manage 2017|Any CPU.ActiveCfg = Release|Any CPU
		{593E9BFD-BE78-4487-9E22-76AE7DF0B84A}.Autodesk Navisworks Manage 2017|Any CPU.Build.0 = Release|Any CPU
		{593E9BFD-BE78-4487-9E22-76AE7DF0B84A}.Autodesk Navisworks Manage 2017|x64.ActiveCfg = Release|Any CPU
		{593E9BFD-BE78-4487-9E22-76AE7DF0B84A}.Autodesk Navisworks Manage 2017|x64.Build.0 = Release|Any CPU
		{593E9BFD-BE78-4487-9E22-76AE7DF0B84A}.Autodesk Navisworks Manage 2018|Any CPU.ActiveCfg = Release|Any CPU
		{593E9BFD-BE78-4487-9E22-76AE7DF0B84A}.Autodesk Navisworks Manage 2018|Any CPU.Build.0 = Release|Any CPU
		{593E9BFD-BE78-4487-9E22-76AE7DF0B84A}.Autodesk Navisworks Manage 2018|x64.ActiveCfg = Release|Any CPU
		{593E9BFD-BE78-4487-9E22-76AE7DF0B84A}.Autodesk Navisworks Manage 2018|x64.Build.0 = Release|Any CPU
		{593E9BFD-BE78-4487-9E22-76AE7DF0B84A}.Autodesk Navisworks Manage 2019|Any CPU.ActiveCfg = Release|Any CPU
		{593E9BFD-BE78-4487-9E22-76AE7DF0B84A}.Autodesk Navisworks Manage 2019|Any CPU.Build.0 = Release|Any CPU
		{593E9BFD-BE78-4487-9E22-76AE7DF0B84A}.Autodesk Navisworks Manage 2019|x64.ActiveCfg = Release|Any CPU
		{593E9BFD-BE78-4487-9E22-76AE7DF0B84A}.Autodesk Navisworks Manage 2019|x64.Build.0 = Release|Any CPU
		{593E9BFD-BE78-4487-9E22-76AE7DF0B84A}.Debug|Any CPU.ActiveCfg = Debug|Any CPU
		{593E9BFD-BE78-4487-9E22-76AE7DF0B84A}.Debug|Any CPU.Build.0 = Debug|Any CPU
		{593E9BFD-BE78-4487-9E22-76AE7DF0B84A}.Debug|x64.ActiveCfg = Debug|Any CPU
		{593E9BFD-BE78-4487-9E22-76AE7DF0B84A}.Debug|x64.Build.0 = Debug|Any CPU
		{593E9BFD-BE78-4487-9E22-76AE7DF0B84A}.Release|Any CPU.ActiveCfg = Release|Any CPU
		{593E9BFD-BE78-4487-9E22-76AE7DF0B84A}.Release|Any CPU.Build.0 = Release|Any CPU
		{593E9BFD-BE78-4487-9E22-76AE7DF0B84A}.Release|x64.ActiveCfg = Release|Any CPU
		{593E9BFD-BE78-4487-9E22-76AE7DF0B84A}.Release|x64.Build.0 = Release|Any CPU
		{A2AAA7E5-91CA-4349-8569-0A21037CE666}.2017|Any CPU.ActiveCfg = Debug|Any CPU
		{A2AAA7E5-91CA-4349-8569-0A21037CE666}.2017|Any CPU.Build.0 = Debug|Any CPU
		{A2AAA7E5-91CA-4349-8569-0A21037CE666}.2017|x64.ActiveCfg = Debug|Any CPU
		{A2AAA7E5-91CA-4349-8569-0A21037CE666}.2018|Any CPU.ActiveCfg = Release|Any CPU
		{A2AAA7E5-91CA-4349-8569-0A21037CE666}.2018|Any CPU.Build.0 = Release|Any CPU
		{A2AAA7E5-91CA-4349-8569-0A21037CE666}.2018|x64.ActiveCfg = Release|Any CPU
		{A2AAA7E5-91CA-4349-8569-0A21037CE666}.2018|x64.Build.0 = Release|Any CPU
		{A2AAA7E5-91CA-4349-8569-0A21037CE666}.2019|Any CPU.ActiveCfg = Release|Any CPU
		{A2AAA7E5-91CA-4349-8569-0A21037CE666}.2019|Any CPU.Build.0 = Release|Any CPU
		{A2AAA7E5-91CA-4349-8569-0A21037CE666}.2019|x64.ActiveCfg = Release|Any CPU
		{A2AAA7E5-91CA-4349-8569-0A21037CE666}.2019|x64.Build.0 = Release|Any CPU
		{A2AAA7E5-91CA-4349-8569-0A21037CE666}.Autodesk Navisworks Manage 2017|Any CPU.ActiveCfg = Release|Any CPU
		{A2AAA7E5-91CA-4349-8569-0A21037CE666}.Autodesk Navisworks Manage 2017|Any CPU.Build.0 = Release|Any CPU
		{A2AAA7E5-91CA-4349-8569-0A21037CE666}.Autodesk Navisworks Manage 2017|x64.ActiveCfg = Release|Any CPU
		{A2AAA7E5-91CA-4349-8569-0A21037CE666}.Autodesk Navisworks Manage 2017|x64.Build.0 = Release|Any CPU
		{A2AAA7E5-91CA-4349-8569-0A21037CE666}.Autodesk Navisworks Manage 2018|Any CPU.ActiveCfg = Release|Any CPU
		{A2AAA7E5-91CA-4349-8569-0A21037CE666}.Autodesk Navisworks Manage 2018|Any CPU.Build.0 = Release|Any CPU
		{A2AAA7E5-91CA-4349-8569-0A21037CE666}.Autodesk Navisworks Manage 2018|x64.ActiveCfg = Release|Any CPU
		{A2AAA7E5-91CA-4349-8569-0A21037CE666}.Autodesk Navisworks Manage 2018|x64.Build.0 = Release|Any CPU
		{A2AAA7E5-91CA-4349-8569-0A21037CE666}.Autodesk Navisworks Manage 2019|Any CPU.ActiveCfg = Release|Any CPU
		{A2AAA7E5-91CA-4349-8569-0A21037CE666}.Autodesk Navisworks Manage 2019|Any CPU.Build.0 = Release|Any CPU
		{A2AAA7E5-91CA-4349-8569-0A21037CE666}.Autodesk Navisworks Manage 2019|x64.ActiveCfg = Release|Any CPU
		{A2AAA7E5-91CA-4349-8569-0A21037CE666}.Autodesk Navisworks Manage 2019|x64.Build.0 = Release|Any CPU
		{A2AAA7E5-91CA-4349-8569-0A21037CE666}.Debug|Any CPU.ActiveCfg = Debug|Any CPU
		{A2AAA7E5-91CA-4349-8569-0A21037CE666}.Debug|Any CPU.Build.0 = Debug|Any CPU
		{A2AAA7E5-91CA-4349-8569-0A21037CE666}.Debug|x64.ActiveCfg = Debug|Any CPU
		{A2AAA7E5-91CA-4349-8569-0A21037CE666}.Debug|x64.Build.0 = Debug|Any CPU
		{A2AAA7E5-91CA-4349-8569-0A21037CE666}.Release|Any CPU.ActiveCfg = Release|Any CPU
		{A2AAA7E5-91CA-4349-8569-0A21037CE666}.Release|Any CPU.Build.0 = Release|Any CPU
		{A2AAA7E5-91CA-4349-8569-0A21037CE666}.Release|x64.ActiveCfg = Release|Any CPU
		{A2AAA7E5-91CA-4349-8569-0A21037CE666}.Release|x64.Build.0 = Release|Any CPU
		{DEE30191-3915-450F-84FC-DDA334923860}.2017|Any CPU.ActiveCfg = Release|Any CPU
		{DEE30191-3915-450F-84FC-DDA334923860}.2017|Any CPU.Build.0 = Release|Any CPU
		{DEE30191-3915-450F-84FC-DDA334923860}.2017|x64.ActiveCfg = Release|Any CPU
		{DEE30191-3915-450F-84FC-DDA334923860}.2017|x64.Build.0 = Release|Any CPU
		{DEE30191-3915-450F-84FC-DDA334923860}.2018|Any CPU.ActiveCfg = Release|Any CPU
		{DEE30191-3915-450F-84FC-DDA334923860}.2018|Any CPU.Build.0 = Release|Any CPU
		{DEE30191-3915-450F-84FC-DDA334923860}.2018|x64.ActiveCfg = Release|Any CPU
		{DEE30191-3915-450F-84FC-DDA334923860}.2018|x64.Build.0 = Release|Any CPU
		{DEE30191-3915-450F-84FC-DDA334923860}.2019|Any CPU.ActiveCfg = Release|Any CPU
		{DEE30191-3915-450F-84FC-DDA334923860}.2019|Any CPU.Build.0 = Release|Any CPU
		{DEE30191-3915-450F-84FC-DDA334923860}.2019|x64.ActiveCfg = Release|Any CPU
		{DEE30191-3915-450F-84FC-DDA334923860}.2019|x64.Build.0 = Release|Any CPU
		{DEE30191-3915-450F-84FC-DDA334923860}.Autodesk Navisworks Manage 2017|Any CPU.ActiveCfg = Debug|Any CPU
		{DEE30191-3915-450F-84FC-DDA334923860}.Autodesk Navisworks Manage 2017|Any CPU.Build.0 = Debug|Any CPU
		{DEE30191-3915-450F-84FC-DDA334923860}.Autodesk Navisworks Manage 2017|x64.ActiveCfg = Debug|Any CPU
		{DEE30191-3915-450F-84FC-DDA334923860}.Autodesk Navisworks Manage 2017|x64.Build.0 = Debug|Any CPU
		{DEE30191-3915-450F-84FC-DDA334923860}.Autodesk Navisworks Manage 2018|Any CPU.ActiveCfg = Debug|Any CPU
		{DEE30191-3915-450F-84FC-DDA334923860}.Autodesk Navisworks Manage 2018|Any CPU.Build.0 = Debug|Any CPU
		{DEE30191-3915-450F-84FC-DDA334923860}.Autodesk Navisworks Manage 2018|x64.ActiveCfg = Debug|Any CPU
		{DEE30191-3915-450F-84FC-DDA334923860}.Autodesk Navisworks Manage 2018|x64.Build.0 = Debug|Any CPU
		{DEE30191-3915-450F-84FC-DDA334923860}.Autodesk Navisworks Manage 2019|Any CPU.ActiveCfg = Debug|Any CPU
		{DEE30191-3915-450F-84FC-DDA334923860}.Autodesk Navisworks Manage 2019|Any CPU.Build.0 = Debug|Any CPU
		{DEE30191-3915-450F-84FC-DDA334923860}.Autodesk Navisworks Manage 2019|x64.ActiveCfg = Debug|Any CPU
		{DEE30191-3915-450F-84FC-DDA334923860}.Autodesk Navisworks Manage 2019|x64.Build.0 = Debug|Any CPU
		{DEE30191-3915-450F-84FC-DDA334923860}.Debug|Any CPU.ActiveCfg = Debug|Any CPU
		{DEE30191-3915-450F-84FC-DDA334923860}.Debug|Any CPU.Build.0 = Debug|Any CPU
		{DEE30191-3915-450F-84FC-DDA334923860}.Debug|x64.ActiveCfg = Debug|Any CPU
		{DEE30191-3915-450F-84FC-DDA334923860}.Debug|x64.Build.0 = Debug|Any CPU
		{DEE30191-3915-450F-84FC-DDA334923860}.Release|Any CPU.ActiveCfg = Release|Any CPU
		{DEE30191-3915-450F-84FC-DDA334923860}.Release|Any CPU.Build.0 = Release|Any CPU
		{DEE30191-3915-450F-84FC-DDA334923860}.Release|x64.ActiveCfg = Release|Any CPU
		{DEE30191-3915-450F-84FC-DDA334923860}.Release|x64.Build.0 = Release|Any CPU
		{DAD36D0F-38F4-4928-8BBE-34F5631C6099}.2017|Any CPU.ActiveCfg = Release|Any CPU
		{DAD36D0F-38F4-4928-8BBE-34F5631C6099}.2017|Any CPU.Build.0 = Release|Any CPU
		{DAD36D0F-38F4-4928-8BBE-34F5631C6099}.2017|x64.ActiveCfg = Release|Any CPU
		{DAD36D0F-38F4-4928-8BBE-34F5631C6099}.2017|x64.Build.0 = Release|Any CPU
		{DAD36D0F-38F4-4928-8BBE-34F5631C6099}.2018|Any CPU.ActiveCfg = Release|Any CPU
		{DAD36D0F-38F4-4928-8BBE-34F5631C6099}.2018|Any CPU.Build.0 = Release|Any CPU
		{DAD36D0F-38F4-4928-8BBE-34F5631C6099}.2018|x64.ActiveCfg = Release|Any CPU
		{DAD36D0F-38F4-4928-8BBE-34F5631C6099}.2018|x64.Build.0 = Release|Any CPU
		{DAD36D0F-38F4-4928-8BBE-34F5631C6099}.2019|Any CPU.ActiveCfg = Release|Any CPU
		{DAD36D0F-38F4-4928-8BBE-34F5631C6099}.2019|Any CPU.Build.0 = Release|Any CPU
		{DAD36D0F-38F4-4928-8BBE-34F5631C6099}.2019|x64.ActiveCfg = Release|Any CPU
		{DAD36D0F-38F4-4928-8BBE-34F5631C6099}.2019|x64.Build.0 = Release|Any CPU
		{DAD36D0F-38F4-4928-8BBE-34F5631C6099}.Autodesk Navisworks Manage 2017|Any CPU.ActiveCfg = Release|Any CPU
		{DAD36D0F-38F4-4928-8BBE-34F5631C6099}.Autodesk Navisworks Manage 2017|Any CPU.Build.0 = Release|Any CPU
		{DAD36D0F-38F4-4928-8BBE-34F5631C6099}.Autodesk Navisworks Manage 2017|x64.ActiveCfg = Release|Any CPU
		{DAD36D0F-38F4-4928-8BBE-34F5631C6099}.Autodesk Navisworks Manage 2017|x64.Build.0 = Release|Any CPU
		{DAD36D0F-38F4-4928-8BBE-34F5631C6099}.Autodesk Navisworks Manage 2018|Any CPU.ActiveCfg = Release|Any CPU
		{DAD36D0F-38F4-4928-8BBE-34F5631C6099}.Autodesk Navisworks Manage 2018|Any CPU.Build.0 = Release|Any CPU
		{DAD36D0F-38F4-4928-8BBE-34F5631C6099}.Autodesk Navisworks Manage 2018|x64.ActiveCfg = Release|Any CPU
		{DAD36D0F-38F4-4928-8BBE-34F5631C6099}.Autodesk Navisworks Manage 2018|x64.Build.0 = Release|Any CPU
		{DAD36D0F-38F4-4928-8BBE-34F5631C6099}.Autodesk Navisworks Manage 2019|Any CPU.ActiveCfg = Release|Any CPU
		{DAD36D0F-38F4-4928-8BBE-34F5631C6099}.Autodesk Navisworks Manage 2019|Any CPU.Build.0 = Release|Any CPU
		{DAD36D0F-38F4-4928-8BBE-34F5631C6099}.Autodesk Navisworks Manage 2019|x64.ActiveCfg = Release|Any CPU
		{DAD36D0F-38F4-4928-8BBE-34F5631C6099}.Autodesk Navisworks Manage 2019|x64.Build.0 = Release|Any CPU
		{DAD36D0F-38F4-4928-8BBE-34F5631C6099}.Debug|Any CPU.ActiveCfg = Debug|Any CPU
		{DAD36D0F-38F4-4928-8BBE-34F5631C6099}.Debug|Any CPU.Build.0 = Debug|Any CPU
		{DAD36D0F-38F4-4928-8BBE-34F5631C6099}.Debug|x64.ActiveCfg = Debug|Any CPU
		{DAD36D0F-38F4-4928-8BBE-34F5631C6099}.Debug|x64.Build.0 = Debug|Any CPU
		{DAD36D0F-38F4-4928-8BBE-34F5631C6099}.Release|Any CPU.ActiveCfg = Release|Any CPU
		{DAD36D0F-38F4-4928-8BBE-34F5631C6099}.Release|Any CPU.Build.0 = Release|Any CPU
		{DAD36D0F-38F4-4928-8BBE-34F5631C6099}.Release|x64.ActiveCfg = Release|Any CPU
		{DAD36D0F-38F4-4928-8BBE-34F5631C6099}.Release|x64.Build.0 = Release|Any CPU
		{BCF967E6-B390-4E20-A85D-1B9F0499AC7B}.2017|Any CPU.ActiveCfg = Release|Any CPU
		{BCF967E6-B390-4E20-A85D-1B9F0499AC7B}.2017|Any CPU.Build.0 = Release|Any CPU
		{BCF967E6-B390-4E20-A85D-1B9F0499AC7B}.2017|x64.ActiveCfg = Release|Any CPU
		{BCF967E6-B390-4E20-A85D-1B9F0499AC7B}.2017|x64.Build.0 = Release|Any CPU
		{BCF967E6-B390-4E20-A85D-1B9F0499AC7B}.2018|Any CPU.ActiveCfg = Release|Any CPU
		{BCF967E6-B390-4E20-A85D-1B9F0499AC7B}.2018|Any CPU.Build.0 = Release|Any CPU
		{BCF967E6-B390-4E20-A85D-1B9F0499AC7B}.2018|x64.ActiveCfg = Release|Any CPU
		{BCF967E6-B390-4E20-A85D-1B9F0499AC7B}.2018|x64.Build.0 = Release|Any CPU
		{BCF967E6-B390-4E20-A85D-1B9F0499AC7B}.2019|Any CPU.ActiveCfg = Release|Any CPU
		{BCF967E6-B390-4E20-A85D-1B9F0499AC7B}.2019|Any CPU.Build.0 = Release|Any CPU
		{BCF967E6-B390-4E20-A85D-1B9F0499AC7B}.2019|x64.ActiveCfg = Release|Any CPU
		{BCF967E6-B390-4E20-A85D-1B9F0499AC7B}.2019|x64.Build.0 = Release|Any CPU
		{BCF967E6-B390-4E20-A85D-1B9F0499AC7B}.Autodesk Navisworks Manage 2017|Any CPU.ActiveCfg = Release|Any CPU
		{BCF967E6-B390-4E20-A85D-1B9F0499AC7B}.Autodesk Navisworks Manage 2017|Any CPU.Build.0 = Release|Any CPU
		{BCF967E6-B390-4E20-A85D-1B9F0499AC7B}.Autodesk Navisworks Manage 2017|x64.ActiveCfg = Release|Any CPU
		{BCF967E6-B390-4E20-A85D-1B9F0499AC7B}.Autodesk Navisworks Manage 2017|x64.Build.0 = Release|Any CPU
		{BCF967E6-B390-4E20-A85D-1B9F0499AC7B}.Autodesk Navisworks Manage 2018|Any CPU.ActiveCfg = Release|Any CPU
		{BCF967E6-B390-4E20-A85D-1B9F0499AC7B}.Autodesk Navisworks Manage 2018|Any CPU.Build.0 = Release|Any CPU
		{BCF967E6-B390-4E20-A85D-1B9F0499AC7B}.Autodesk Navisworks Manage 2018|x64.ActiveCfg = Release|Any CPU
		{BCF967E6-B390-4E20-A85D-1B9F0499AC7B}.Autodesk Navisworks Manage 2018|x64.Build.0 = Release|Any CPU
		{BCF967E6-B390-4E20-A85D-1B9F0499AC7B}.Autodesk Navisworks Manage 2019|Any CPU.ActiveCfg = Release|Any CPU
		{BCF967E6-B390-4E20-A85D-1B9F0499AC7B}.Autodesk Navisworks Manage 2019|Any CPU.Build.0 = Release|Any CPU
		{BCF967E6-B390-4E20-A85D-1B9F0499AC7B}.Autodesk Navisworks Manage 2019|x64.ActiveCfg = Release|Any CPU
		{BCF967E6-B390-4E20-A85D-1B9F0499AC7B}.Autodesk Navisworks Manage 2019|x64.Build.0 = Release|Any CPU
		{BCF967E6-B390-4E20-A85D-1B9F0499AC7B}.Debug|Any CPU.ActiveCfg = Debug|Any CPU
		{BCF967E6-B390-4E20-A85D-1B9F0499AC7B}.Debug|Any CPU.Build.0 = Debug|Any CPU
		{BCF967E6-B390-4E20-A85D-1B9F0499AC7B}.Debug|x64.ActiveCfg = Debug|Any CPU
		{BCF967E6-B390-4E20-A85D-1B9F0499AC7B}.Debug|x64.Build.0 = Debug|Any CPU
		{BCF967E6-B390-4E20-A85D-1B9F0499AC7B}.Release|Any CPU.ActiveCfg = Release|Any CPU
		{BCF967E6-B390-4E20-A85D-1B9F0499AC7B}.Release|Any CPU.Build.0 = Release|Any CPU
		{BCF967E6-B390-4E20-A85D-1B9F0499AC7B}.Release|x64.ActiveCfg = Release|Any CPU
		{BCF967E6-B390-4E20-A85D-1B9F0499AC7B}.Release|x64.Build.0 = Release|Any CPU
		{0C36090F-1EAD-46FF-B476-09C83A6CD2C3}.2017|Any CPU.ActiveCfg = Autodesk Navisworks Manage 2017|Any CPU
		{0C36090F-1EAD-46FF-B476-09C83A6CD2C3}.2017|Any CPU.Build.0 = Autodesk Navisworks Manage 2017|Any CPU
		{0C36090F-1EAD-46FF-B476-09C83A6CD2C3}.2017|x64.ActiveCfg = Autodesk Navisworks Manage 2017|Any CPU
		{0C36090F-1EAD-46FF-B476-09C83A6CD2C3}.2017|x64.Build.0 = Autodesk Navisworks Manage 2017|Any CPU
		{0C36090F-1EAD-46FF-B476-09C83A6CD2C3}.2018|Any CPU.ActiveCfg = Autodesk Navisworks Manage 2018|Any CPU
		{0C36090F-1EAD-46FF-B476-09C83A6CD2C3}.2018|Any CPU.Build.0 = Autodesk Navisworks Manage 2018|Any CPU
		{0C36090F-1EAD-46FF-B476-09C83A6CD2C3}.2018|x64.ActiveCfg = Autodesk Navisworks Manage 2018|Any CPU
		{0C36090F-1EAD-46FF-B476-09C83A6CD2C3}.2018|x64.Build.0 = Autodesk Navisworks Manage 2018|Any CPU
		{0C36090F-1EAD-46FF-B476-09C83A6CD2C3}.2019|Any CPU.ActiveCfg = Autodesk Navisworks Manage 2019|Any CPU
		{0C36090F-1EAD-46FF-B476-09C83A6CD2C3}.2019|Any CPU.Build.0 = Autodesk Navisworks Manage 2019|Any CPU
		{0C36090F-1EAD-46FF-B476-09C83A6CD2C3}.2019|x64.ActiveCfg = Autodesk Navisworks Manage 2019|Any CPU
		{0C36090F-1EAD-46FF-B476-09C83A6CD2C3}.2019|x64.Build.0 = Autodesk Navisworks Manage 2019|Any CPU
		{0C36090F-1EAD-46FF-B476-09C83A6CD2C3}.Autodesk Navisworks Manage 2017|Any CPU.ActiveCfg = Autodesk Navisworks Manage 2017|Any CPU
		{0C36090F-1EAD-46FF-B476-09C83A6CD2C3}.Autodesk Navisworks Manage 2017|Any CPU.Build.0 = Autodesk Navisworks Manage 2017|Any CPU
		{0C36090F-1EAD-46FF-B476-09C83A6CD2C3}.Autodesk Navisworks Manage 2017|x64.ActiveCfg = Autodesk Navisworks Manage 2017|Any CPU
		{0C36090F-1EAD-46FF-B476-09C83A6CD2C3}.Autodesk Navisworks Manage 2017|x64.Build.0 = Autodesk Navisworks Manage 2017|Any CPU
		{0C36090F-1EAD-46FF-B476-09C83A6CD2C3}.Autodesk Navisworks Manage 2018|Any CPU.ActiveCfg = Autodesk Navisworks Manage 2018|Any CPU
		{0C36090F-1EAD-46FF-B476-09C83A6CD2C3}.Autodesk Navisworks Manage 2018|Any CPU.Build.0 = Autodesk Navisworks Manage 2018|Any CPU
		{0C36090F-1EAD-46FF-B476-09C83A6CD2C3}.Autodesk Navisworks Manage 2018|x64.ActiveCfg = Autodesk Navisworks Manage 2018|Any CPU
		{0C36090F-1EAD-46FF-B476-09C83A6CD2C3}.Autodesk Navisworks Manage 2018|x64.Build.0 = Autodesk Navisworks Manage 2018|Any CPU
		{0C36090F-1EAD-46FF-B476-09C83A6CD2C3}.Autodesk Navisworks Manage 2019|Any CPU.ActiveCfg = Autodesk Navisworks Manage 2019|Any CPU
		{0C36090F-1EAD-46FF-B476-09C83A6CD2C3}.Autodesk Navisworks Manage 2019|Any CPU.Build.0 = Autodesk Navisworks Manage 2019|Any CPU
		{0C36090F-1EAD-46FF-B476-09C83A6CD2C3}.Autodesk Navisworks Manage 2019|x64.ActiveCfg = Autodesk Navisworks Manage 2019|Any CPU
		{0C36090F-1EAD-46FF-B476-09C83A6CD2C3}.Autodesk Navisworks Manage 2019|x64.Build.0 = Autodesk Navisworks Manage 2019|Any CPU
		{0C36090F-1EAD-46FF-B476-09C83A6CD2C3}.Debug|Any CPU.ActiveCfg = Autodesk Navisworks Manage 2017|Any CPU
		{0C36090F-1EAD-46FF-B476-09C83A6CD2C3}.Debug|Any CPU.Build.0 = Autodesk Navisworks Manage 2017|Any CPU
		{0C36090F-1EAD-46FF-B476-09C83A6CD2C3}.Debug|x64.ActiveCfg = Autodesk Navisworks Manage 2017|Any CPU
		{0C36090F-1EAD-46FF-B476-09C83A6CD2C3}.Debug|x64.Build.0 = Autodesk Navisworks Manage 2017|Any CPU
		{0C36090F-1EAD-46FF-B476-09C83A6CD2C3}.Release|Any CPU.ActiveCfg = Autodesk Navisworks Manage 2017|Any CPU
		{0C36090F-1EAD-46FF-B476-09C83A6CD2C3}.Release|Any CPU.Build.0 = Autodesk Navisworks Manage 2017|Any CPU
		{0C36090F-1EAD-46FF-B476-09C83A6CD2C3}.Release|x64.ActiveCfg = Autodesk Navisworks Manage 2017|Any CPU
		{0C36090F-1EAD-46FF-B476-09C83A6CD2C3}.Release|x64.Build.0 = Autodesk Navisworks Manage 2017|Any CPU
		{75183C76-FD7C-4539-AB78-BF7E736558AF}.2017|Any CPU.ActiveCfg = Autodesk Navisworks Manage 2017|Any CPU
		{75183C76-FD7C-4539-AB78-BF7E736558AF}.2017|Any CPU.Build.0 = Autodesk Navisworks Manage 2017|Any CPU
		{75183C76-FD7C-4539-AB78-BF7E736558AF}.2017|x64.ActiveCfg = Autodesk Navisworks Manage 2017|Any CPU
		{75183C76-FD7C-4539-AB78-BF7E736558AF}.2017|x64.Build.0 = Autodesk Navisworks Manage 2017|Any CPU
		{75183C76-FD7C-4539-AB78-BF7E736558AF}.2018|Any CPU.ActiveCfg = Autodesk Navisworks Manage 2018|Any CPU
		{75183C76-FD7C-4539-AB78-BF7E736558AF}.2018|Any CPU.Build.0 = Autodesk Navisworks Manage 2018|Any CPU
		{75183C76-FD7C-4539-AB78-BF7E736558AF}.2018|x64.ActiveCfg = Autodesk Navisworks Manage 2018|Any CPU
		{75183C76-FD7C-4539-AB78-BF7E736558AF}.2018|x64.Build.0 = Autodesk Navisworks Manage 2018|Any CPU
		{75183C76-FD7C-4539-AB78-BF7E736558AF}.2019|Any CPU.ActiveCfg = Autodesk Navisworks Manage 2019|Any CPU
		{75183C76-FD7C-4539-AB78-BF7E736558AF}.2019|Any CPU.Build.0 = Autodesk Navisworks Manage 2019|Any CPU
		{75183C76-FD7C-4539-AB78-BF7E736558AF}.2019|x64.ActiveCfg = Autodesk Navisworks Manage 2019|Any CPU
		{75183C76-FD7C-4539-AB78-BF7E736558AF}.2019|x64.Build.0 = Autodesk Navisworks Manage 2019|Any CPU
		{75183C76-FD7C-4539-AB78-BF7E736558AF}.Autodesk Navisworks Manage 2017|Any CPU.ActiveCfg = Autodesk Navisworks Manage 2017|Any CPU
		{75183C76-FD7C-4539-AB78-BF7E736558AF}.Autodesk Navisworks Manage 2017|Any CPU.Build.0 = Autodesk Navisworks Manage 2017|Any CPU
		{75183C76-FD7C-4539-AB78-BF7E736558AF}.Autodesk Navisworks Manage 2017|x64.ActiveCfg = Autodesk Navisworks Manage 2017|Any CPU
		{75183C76-FD7C-4539-AB78-BF7E736558AF}.Autodesk Navisworks Manage 2017|x64.Build.0 = Autodesk Navisworks Manage 2017|Any CPU
		{75183C76-FD7C-4539-AB78-BF7E736558AF}.Autodesk Navisworks Manage 2018|Any CPU.ActiveCfg = Autodesk Navisworks Manage 2018|Any CPU
		{75183C76-FD7C-4539-AB78-BF7E736558AF}.Autodesk Navisworks Manage 2018|Any CPU.Build.0 = Autodesk Navisworks Manage 2018|Any CPU
		{75183C76-FD7C-4539-AB78-BF7E736558AF}.Autodesk Navisworks Manage 2018|x64.ActiveCfg = Autodesk Navisworks Manage 2018|Any CPU
		{75183C76-FD7C-4539-AB78-BF7E736558AF}.Autodesk Navisworks Manage 2018|x64.Build.0 = Autodesk Navisworks Manage 2018|Any CPU
		{75183C76-FD7C-4539-AB78-BF7E736558AF}.Autodesk Navisworks Manage 2019|Any CPU.ActiveCfg = Autodesk Navisworks Manage 2019|Any CPU
		{75183C76-FD7C-4539-AB78-BF7E736558AF}.Autodesk Navisworks Manage 2019|Any CPU.Build.0 = Autodesk Navisworks Manage 2019|Any CPU
		{75183C76-FD7C-4539-AB78-BF7E736558AF}.Autodesk Navisworks Manage 2019|x64.ActiveCfg = Autodesk Navisworks Manage 2019|Any CPU
		{75183C76-FD7C-4539-AB78-BF7E736558AF}.Autodesk Navisworks Manage 2019|x64.Build.0 = Autodesk Navisworks Manage 2019|Any CPU
		{75183C76-FD7C-4539-AB78-BF7E736558AF}.Debug|Any CPU.ActiveCfg = Autodesk Navisworks Manage 2017|Any CPU
		{75183C76-FD7C-4539-AB78-BF7E736558AF}.Debug|Any CPU.Build.0 = Autodesk Navisworks Manage 2017|Any CPU
		{75183C76-FD7C-4539-AB78-BF7E736558AF}.Debug|x64.ActiveCfg = Autodesk Navisworks Manage 2017|Any CPU
		{75183C76-FD7C-4539-AB78-BF7E736558AF}.Debug|x64.Build.0 = Autodesk Navisworks Manage 2017|Any CPU
		{75183C76-FD7C-4539-AB78-BF7E736558AF}.Release|Any CPU.ActiveCfg = Autodesk Navisworks Manage 2017|Any CPU
		{75183C76-FD7C-4539-AB78-BF7E736558AF}.Release|Any CPU.Build.0 = Autodesk Navisworks Manage 2017|Any CPU
		{75183C76-FD7C-4539-AB78-BF7E736558AF}.Release|x64.ActiveCfg = Autodesk Navisworks Manage 2017|Any CPU
		{75183C76-FD7C-4539-AB78-BF7E736558AF}.Release|x64.Build.0 = Autodesk Navisworks Manage 2017|Any CPU
	EndGlobalSection
	GlobalSection(SolutionProperties) = preSolution
		HideSolutionNode = FALSE
	EndGlobalSection
	GlobalSection(NestedProjects) = preSolution
		{DEE30191-3915-450F-84FC-DDA334923860} = {1AD8E3EE-82F0-424B-BDD5-AA06EE4F1F48}
		{DAD36D0F-38F4-4928-8BBE-34F5631C6099} = {94779093-584F-40D1-B6DF-0A7F200AAAEE}
		{BCF967E6-B390-4E20-A85D-1B9F0499AC7B} = {CC002125-5DE3-4CF9-BF25-D4CDCCA06AEF}
		{0C36090F-1EAD-46FF-B476-09C83A6CD2C3} = {CC002125-5DE3-4CF9-BF25-D4CDCCA06AEF}
		{75183C76-FD7C-4539-AB78-BF7E736558AF} = {94779093-584F-40D1-B6DF-0A7F200AAAEE}
	EndGlobalSection
	GlobalSection(ExtensibilityGlobals) = postSolution
		SolutionGuid = {58CD9914-8E9C-4804-9C25-4E86EEC6B9C1}
		BuildVersion_StartDate = 2000/1/1
	EndGlobalSection
EndGlobal
