
Microsoft Visual Studio Solution File, Format Version 12.00
# Visual Studio Version 16
VisualStudioVersion = 16.0.29001.49
MinimumVisualStudioVersion = 10.0.40219.1
Project("{FAE04EC0-301F-11D3-BF4B-00C04F79EFBC}") = "ENGyn", "ENGyn\ENGyn.csproj", "{0CF6E1A1-FD98-41C4-B377-3C7324361B63}"
	ProjectSection(ProjectDependencies) = postProject
		{03FEEE33-461A-45B4-BD6F-7154E58A12DB} = {03FEEE33-461A-45B4-BD6F-7154E58A12DB}
	EndProjectSection
EndProject
Project("{FAE04EC0-301F-11D3-BF4B-00C04F79EFBC}") = "ENGyn-Nodes", "ENGyn-Nodes\ENGyn-Nodes.csproj", "{03FEEE33-461A-45B4-BD6F-7154E58A12DB}"
EndProject
Project("{FAE04EC0-301F-11D3-BF4B-00C04F79EFBC}") = "ENGyn-AppearanceProfiler", "AppearanceProfiler\ENGyn-AppearanceProfiler.csproj", "{3069A3F2-F67C-4E4D-AD8C-451AF5845E7A}"
EndProject
Project("{FAE04EC0-301F-11D3-BF4B-00C04F79EFBC}") = "TUM.CMS.VplControl", "TUM.CMS.VPLControl\src\TUM.CMS.VplControl\TUM.CMS.VplControl.csproj", "{593E9BFD-BE78-4487-9E22-76AE7DF0B84A}"
EndProject
Project("{FAE04EC0-301F-11D3-BF4B-00C04F79EFBC}") = "TUM.CMS.VplControl.Test", "TUM.CMS.VPLControl\src\TUM.CMS.VplControl.Test\TUM.CMS.VplControl.Test.csproj", "{A2AAA7E5-91CA-4349-8569-0A21037CE666}"
EndProject
Global
	GlobalSection(SolutionConfigurationPlatforms) = preSolution
		2018|Any CPU = 2018|Any CPU
		2018|x64 = 2018|x64
		2019|Any CPU = 2019|Any CPU
		2019|x64 = 2019|x64
		Debug|Any CPU = Debug|Any CPU
		Debug|x64 = Debug|x64
		Release|Any CPU = Release|Any CPU
		Release|x64 = Release|x64
	EndGlobalSection
	GlobalSection(ProjectConfigurationPlatforms) = postSolution
		{0CF6E1A1-FD98-41C4-B377-3C7324361B63}.2018|Any CPU.ActiveCfg = Autodesk Navisworks Manage 2018|Any CPU
		{0CF6E1A1-FD98-41C4-B377-3C7324361B63}.2018|Any CPU.Build.0 = Autodesk Navisworks Manage 2018|Any CPU
		{0CF6E1A1-FD98-41C4-B377-3C7324361B63}.2018|x64.ActiveCfg = Autodesk Navisworks Manage 2018|x64
		{0CF6E1A1-FD98-41C4-B377-3C7324361B63}.2018|x64.Build.0 = Autodesk Navisworks Manage 2018|x64
		{0CF6E1A1-FD98-41C4-B377-3C7324361B63}.2019|Any CPU.ActiveCfg = Autodesk Navisworks Manage 2019|Any CPU
		{0CF6E1A1-FD98-41C4-B377-3C7324361B63}.2019|Any CPU.Build.0 = Autodesk Navisworks Manage 2019|Any CPU
		{0CF6E1A1-FD98-41C4-B377-3C7324361B63}.2019|x64.ActiveCfg = Autodesk Navisworks Manage 2018|x64
		{0CF6E1A1-FD98-41C4-B377-3C7324361B63}.2019|x64.Build.0 = Autodesk Navisworks Manage 2018|x64
		{0CF6E1A1-FD98-41C4-B377-3C7324361B63}.Debug|Any CPU.ActiveCfg = Autodesk Navisworks Manage 2019|Any CPU
		{0CF6E1A1-FD98-41C4-B377-3C7324361B63}.Debug|Any CPU.Build.0 = Autodesk Navisworks Manage 2019|Any CPU
		{0CF6E1A1-FD98-41C4-B377-3C7324361B63}.Debug|x64.ActiveCfg = Autodesk Navisworks Manage 2018|x64
		{0CF6E1A1-FD98-41C4-B377-3C7324361B63}.Debug|x64.Build.0 = Autodesk Navisworks Manage 2018|x64
		{0CF6E1A1-FD98-41C4-B377-3C7324361B63}.Release|Any CPU.ActiveCfg = Autodesk Navisworks Manage 2019|Any CPU
		{0CF6E1A1-FD98-41C4-B377-3C7324361B63}.Release|Any CPU.Build.0 = Autodesk Navisworks Manage 2019|Any CPU
		{0CF6E1A1-FD98-41C4-B377-3C7324361B63}.Release|x64.ActiveCfg = Autodesk Navisworks Manage 2018|x64
		{0CF6E1A1-FD98-41C4-B377-3C7324361B63}.Release|x64.Build.0 = Autodesk Navisworks Manage 2018|x64
		{03FEEE33-461A-45B4-BD6F-7154E58A12DB}.2018|Any CPU.ActiveCfg = Autodesk Navisworks Manage 2018|Any CPU
		{03FEEE33-461A-45B4-BD6F-7154E58A12DB}.2018|Any CPU.Build.0 = Autodesk Navisworks Manage 2018|Any CPU
		{03FEEE33-461A-45B4-BD6F-7154E58A12DB}.2018|x64.ActiveCfg = Autodesk Navisworks Manage 2018|Any CPU
		{03FEEE33-461A-45B4-BD6F-7154E58A12DB}.2018|x64.Build.0 = Autodesk Navisworks Manage 2018|Any CPU
		{03FEEE33-461A-45B4-BD6F-7154E58A12DB}.2019|Any CPU.ActiveCfg = Autodesk Navisworks Manage 2019|Any CPU
		{03FEEE33-461A-45B4-BD6F-7154E58A12DB}.2019|Any CPU.Build.0 = Autodesk Navisworks Manage 2019|Any CPU
		{03FEEE33-461A-45B4-BD6F-7154E58A12DB}.2019|x64.ActiveCfg = Autodesk Navisworks Manage 2019|Any CPU
		{03FEEE33-461A-45B4-BD6F-7154E58A12DB}.2019|x64.Build.0 = Autodesk Navisworks Manage 2019|Any CPU
		{03FEEE33-461A-45B4-BD6F-7154E58A12DB}.Debug|Any CPU.ActiveCfg = Autodesk Navisworks Manage 2019|Any CPU
		{03FEEE33-461A-45B4-BD6F-7154E58A12DB}.Debug|Any CPU.Build.0 = Autodesk Navisworks Manage 2019|Any CPU
		{03FEEE33-461A-45B4-BD6F-7154E58A12DB}.Debug|x64.ActiveCfg = Autodesk Navisworks Manage 2019|Any CPU
		{03FEEE33-461A-45B4-BD6F-7154E58A12DB}.Debug|x64.Build.0 = Autodesk Navisworks Manage 2019|Any CPU
		{03FEEE33-461A-45B4-BD6F-7154E58A12DB}.Release|Any CPU.ActiveCfg = Autodesk Navisworks Manage 2019|Any CPU
		{03FEEE33-461A-45B4-BD6F-7154E58A12DB}.Release|Any CPU.Build.0 = Autodesk Navisworks Manage 2019|Any CPU
		{03FEEE33-461A-45B4-BD6F-7154E58A12DB}.Release|x64.ActiveCfg = Autodesk Navisworks Manage 2019|Any CPU
		{03FEEE33-461A-45B4-BD6F-7154E58A12DB}.Release|x64.Build.0 = Autodesk Navisworks Manage 2019|Any CPU
		{3069A3F2-F67C-4E4D-AD8C-451AF5845E7A}.2018|Any CPU.ActiveCfg = Release|Any CPU
		{3069A3F2-F67C-4E4D-AD8C-451AF5845E7A}.2018|x64.ActiveCfg = Debug|Any CPU
		{3069A3F2-F67C-4E4D-AD8C-451AF5845E7A}.2018|x64.Build.0 = Debug|Any CPU
		{3069A3F2-F67C-4E4D-AD8C-451AF5845E7A}.2019|Any CPU.ActiveCfg = Release|Any CPU
		{3069A3F2-F67C-4E4D-AD8C-451AF5845E7A}.2019|x64.ActiveCfg = Debug|Any CPU
		{3069A3F2-F67C-4E4D-AD8C-451AF5845E7A}.2019|x64.Build.0 = Debug|Any CPU
		{3069A3F2-F67C-4E4D-AD8C-451AF5845E7A}.Debug|Any CPU.ActiveCfg = Debug|Any CPU
		{3069A3F2-F67C-4E4D-AD8C-451AF5845E7A}.Debug|Any CPU.Build.0 = Debug|Any CPU
		{3069A3F2-F67C-4E4D-AD8C-451AF5845E7A}.Debug|x64.ActiveCfg = Debug|Any CPU
		{3069A3F2-F67C-4E4D-AD8C-451AF5845E7A}.Debug|x64.Build.0 = Debug|Any CPU
		{3069A3F2-F67C-4E4D-AD8C-451AF5845E7A}.Release|Any CPU.ActiveCfg = Release|Any CPU
		{3069A3F2-F67C-4E4D-AD8C-451AF5845E7A}.Release|Any CPU.Build.0 = Release|Any CPU
		{3069A3F2-F67C-4E4D-AD8C-451AF5845E7A}.Release|x64.ActiveCfg = Release|Any CPU
		{3069A3F2-F67C-4E4D-AD8C-451AF5845E7A}.Release|x64.Build.0 = Release|Any CPU
		{593E9BFD-BE78-4487-9E22-76AE7DF0B84A}.2018|Any CPU.ActiveCfg = Release|Any CPU
		{593E9BFD-BE78-4487-9E22-76AE7DF0B84A}.2018|x64.ActiveCfg = Release|Any CPU
		{593E9BFD-BE78-4487-9E22-76AE7DF0B84A}.2018|x64.Build.0 = Release|Any CPU
		{593E9BFD-BE78-4487-9E22-76AE7DF0B84A}.2019|Any CPU.ActiveCfg = Release|Any CPU
		{593E9BFD-BE78-4487-9E22-76AE7DF0B84A}.2019|x64.ActiveCfg = Release|Any CPU
		{593E9BFD-BE78-4487-9E22-76AE7DF0B84A}.2019|x64.Build.0 = Release|Any CPU
		{593E9BFD-BE78-4487-9E22-76AE7DF0B84A}.Debug|Any CPU.ActiveCfg = Debug|Any CPU
		{593E9BFD-BE78-4487-9E22-76AE7DF0B84A}.Debug|Any CPU.Build.0 = Debug|Any CPU
		{593E9BFD-BE78-4487-9E22-76AE7DF0B84A}.Debug|x64.ActiveCfg = Debug|Any CPU
		{593E9BFD-BE78-4487-9E22-76AE7DF0B84A}.Debug|x64.Build.0 = Debug|Any CPU
		{593E9BFD-BE78-4487-9E22-76AE7DF0B84A}.Release|Any CPU.ActiveCfg = Release|Any CPU
		{593E9BFD-BE78-4487-9E22-76AE7DF0B84A}.Release|Any CPU.Build.0 = Release|Any CPU
		{593E9BFD-BE78-4487-9E22-76AE7DF0B84A}.Release|x64.ActiveCfg = Release|Any CPU
		{593E9BFD-BE78-4487-9E22-76AE7DF0B84A}.Release|x64.Build.0 = Release|Any CPU
		{A2AAA7E5-91CA-4349-8569-0A21037CE666}.2018|Any CPU.ActiveCfg = Release|Any CPU
		{A2AAA7E5-91CA-4349-8569-0A21037CE666}.2018|Any CPU.Build.0 = Release|Any CPU
		{A2AAA7E5-91CA-4349-8569-0A21037CE666}.2018|x64.ActiveCfg = Release|Any CPU
		{A2AAA7E5-91CA-4349-8569-0A21037CE666}.2018|x64.Build.0 = Release|Any CPU
		{A2AAA7E5-91CA-4349-8569-0A21037CE666}.2019|Any CPU.ActiveCfg = Release|Any CPU
		{A2AAA7E5-91CA-4349-8569-0A21037CE666}.2019|Any CPU.Build.0 = Release|Any CPU
		{A2AAA7E5-91CA-4349-8569-0A21037CE666}.2019|x64.ActiveCfg = Release|Any CPU
		{A2AAA7E5-91CA-4349-8569-0A21037CE666}.2019|x64.Build.0 = Release|Any CPU
		{A2AAA7E5-91CA-4349-8569-0A21037CE666}.Debug|Any CPU.ActiveCfg = Debug|Any CPU
		{A2AAA7E5-91CA-4349-8569-0A21037CE666}.Debug|Any CPU.Build.0 = Debug|Any CPU
		{A2AAA7E5-91CA-4349-8569-0A21037CE666}.Debug|x64.ActiveCfg = Debug|Any CPU
		{A2AAA7E5-91CA-4349-8569-0A21037CE666}.Debug|x64.Build.0 = Debug|Any CPU
		{A2AAA7E5-91CA-4349-8569-0A21037CE666}.Release|Any CPU.ActiveCfg = Release|Any CPU
		{A2AAA7E5-91CA-4349-8569-0A21037CE666}.Release|Any CPU.Build.0 = Release|Any CPU
		{A2AAA7E5-91CA-4349-8569-0A21037CE666}.Release|x64.ActiveCfg = Release|Any CPU
		{A2AAA7E5-91CA-4349-8569-0A21037CE666}.Release|x64.Build.0 = Release|Any CPU
	EndGlobalSection
	GlobalSection(SolutionProperties) = preSolution
		HideSolutionNode = FALSE
	EndGlobalSection
	GlobalSection(ExtensibilityGlobals) = postSolution
		BuildVersion_StartDate = 2000/1/1
		SolutionGuid = {58CD9914-8E9C-4804-9C25-4E86EEC6B9C1}
	EndGlobalSection
EndGlobal
