
Microsoft Visual Studio Solution File, Format Version 12.00
# Visual Studio 15
VisualStudioVersion = 15.0.28010.2003
MinimumVisualStudioVersion = 10.0.40219.1
Project("{FAE04EC0-301F-11D3-BF4B-00C04F79EFBC}") = "ENGyn-19", "ENGyn\ENGyn-19.csproj", "{0CF6E1A1-FD98-41C4-B377-3C7324361B63}"
	ProjectSection(ProjectDependencies) = postProject
		{03FEEE33-461A-45B4-BD6F-7154E58A12DB} = {03FEEE33-461A-45B4-BD6F-7154E58A12DB}
	EndProjectSection
EndProject
Project("{FAE04EC0-301F-11D3-BF4B-00C04F79EFBC}") = "ENGyn-Nodes-19", "ENGyn-Nodes\ENGyn-Nodes-19.csproj", "{03FEEE33-461A-45B4-BD6F-7154E58A12DB}"
EndProject
Project("{FAE04EC0-301F-11D3-BF4B-00C04F79EFBC}") = "ENGyn-AppearanceProfiler", "AppearanceProfiler\ENGyn-AppearanceProfiler.csproj", "{3069A3F2-F67C-4E4D-AD8C-451AF5845E7A}"
EndProject
Project("{FAE04EC0-301F-11D3-BF4B-00C04F79EFBC}") = "TUM.CMS.VplControl", "TUM.CMS.VPLControl\src\TUM.CMS.VplControl\TUM.CMS.VplControl.csproj", "{593E9BFD-BE78-4487-9E22-76AE7DF0B84A}"
EndProject
Project("{FAE04EC0-301F-11D3-BF4B-00C04F79EFBC}") = "TUM.CMS.VplControl.Test", "TUM.CMS.VPLControl\src\TUM.CMS.VplControl.Test\TUM.CMS.VplControl.Test.csproj", "{A2AAA7E5-91CA-4349-8569-0A21037CE666}"
EndProject
Project("{2150E333-8FDC-42A3-9474-1A3956D46DE8}") = "2019", "2019", "{3B2545FA-5F76-45C2-8DDF-DCC6A3C7D9D3}"
EndProject
Project("{2150E333-8FDC-42A3-9474-1A3956D46DE8}") = "2017", "2017", "{CB677853-84B0-4B9A-AC80-859EDFD60C46}"
EndProject
Project("{FAE04EC0-301F-11D3-BF4B-00C04F79EFBC}") = "ENGyn-Nodes-17", "2017\ENGyn-Nodes\ENGyn-Nodes-17.csproj", "{C3CEEF5C-D8F0-40FD-A836-4D98EE2C6007}"
EndProject
Project("{FAE04EC0-301F-11D3-BF4B-00C04F79EFBC}") = "ENGyn-17", "2017\ENGyn\ENGyn-17.csproj", "{1840F78A-99B9-4B51-A571-A97CC7BC8802}"
EndProject
Project("{2150E333-8FDC-42A3-9474-1A3956D46DE8}") = "2018", "2018", "{76EA1884-A36E-47E1-99D3-CF6ACFE7DDD3}"
EndProject
Project("{FAE04EC0-301F-11D3-BF4B-00C04F79EFBC}") = "ENGyn-18", "2018\ENGyn\ENGyn-18.csproj", "{6764EF22-53EC-4100-92BC-DCC96144236B}"
EndProject
Project("{FAE04EC0-301F-11D3-BF4B-00C04F79EFBC}") = "ENGyn-Nodes-18", "2018\ENGyn-Nodes\ENGyn-Nodes-18.csproj", "{7547CC7B-2BBE-4774-B188-42CA2F051143}"
EndProject
Global
	GlobalSection(SolutionConfigurationPlatforms) = preSolution
		2017|Any CPU = 2017|Any CPU
		2017|x64 = 2017|x64
		2018|Any CPU = 2018|Any CPU
		2018|x64 = 2018|x64
		2019|Any CPU = 2019|Any CPU
		2019|x64 = 2019|x64
		Autodesk Navisworks Manage 2017|Any CPU = Autodesk Navisworks Manage 2017|Any CPU
		Autodesk Navisworks Manage 2017|x64 = Autodesk Navisworks Manage 2017|x64
		Autodesk Navisworks Manage 2018|Any CPU = Autodesk Navisworks Manage 2018|Any CPU
		Autodesk Navisworks Manage 2018|x64 = Autodesk Navisworks Manage 2018|x64
		Autodesk Navisworks Manage 2019|Any CPU = Autodesk Navisworks Manage 2019|Any CPU
		Autodesk Navisworks Manage 2019|x64 = Autodesk Navisworks Manage 2019|x64
		Debug|Any CPU = Debug|Any CPU
		Debug|x64 = Debug|x64
		Release|Any CPU = Release|Any CPU
		Release|x64 = Release|x64
	EndGlobalSection
	GlobalSection(ProjectConfigurationPlatforms) = postSolution
		{0CF6E1A1-FD98-41C4-B377-3C7324361B63}.2017|Any CPU.ActiveCfg = 2017|Any CPU
		{0CF6E1A1-FD98-41C4-B377-3C7324361B63}.2017|Any CPU.Build.0 = 2017|Any CPU
		{0CF6E1A1-FD98-41C4-B377-3C7324361B63}.2017|x64.ActiveCfg = 2017|x64
		{0CF6E1A1-FD98-41C4-B377-3C7324361B63}.2017|x64.Build.0 = 2017|x64
		{0CF6E1A1-FD98-41C4-B377-3C7324361B63}.2018|Any CPU.ActiveCfg = Autodesk Navisworks Manage 2018|Any CPU
		{0CF6E1A1-FD98-41C4-B377-3C7324361B63}.2018|Any CPU.Build.0 = Autodesk Navisworks Manage 2018|Any CPU
		{0CF6E1A1-FD98-41C4-B377-3C7324361B63}.2018|x64.ActiveCfg = Autodesk Navisworks Manage 2019|x64
		{0CF6E1A1-FD98-41C4-B377-3C7324361B63}.2018|x64.Build.0 = Autodesk Navisworks Manage 2019|x64
		{0CF6E1A1-FD98-41C4-B377-3C7324361B63}.2019|Any CPU.ActiveCfg = Autodesk Navisworks Manage 2019|Any CPU
		{0CF6E1A1-FD98-41C4-B377-3C7324361B63}.2019|Any CPU.Build.0 = Autodesk Navisworks Manage 2019|Any CPU
		{0CF6E1A1-FD98-41C4-B377-3C7324361B63}.2019|x64.ActiveCfg = Autodesk Navisworks Manage 2018|x64
		{0CF6E1A1-FD98-41C4-B377-3C7324361B63}.2019|x64.Build.0 = Autodesk Navisworks Manage 2018|x64
		{0CF6E1A1-FD98-41C4-B377-3C7324361B63}.Autodesk Navisworks Manage 2017|Any CPU.ActiveCfg = Autodesk Navisworks Manage 2019|Any CPU
		{0CF6E1A1-FD98-41C4-B377-3C7324361B63}.Autodesk Navisworks Manage 2017|Any CPU.Build.0 = Autodesk Navisworks Manage 2019|Any CPU
		{0CF6E1A1-FD98-41C4-B377-3C7324361B63}.Autodesk Navisworks Manage 2017|x64.ActiveCfg = Autodesk Navisworks Manage 2018|x64
		{0CF6E1A1-FD98-41C4-B377-3C7324361B63}.Autodesk Navisworks Manage 2017|x64.Build.0 = Autodesk Navisworks Manage 2018|x64
		{0CF6E1A1-FD98-41C4-B377-3C7324361B63}.Autodesk Navisworks Manage 2018|Any CPU.ActiveCfg = Autodesk Navisworks Manage 2018|Any CPU
		{0CF6E1A1-FD98-41C4-B377-3C7324361B63}.Autodesk Navisworks Manage 2018|Any CPU.Build.0 = Autodesk Navisworks Manage 2018|Any CPU
		{0CF6E1A1-FD98-41C4-B377-3C7324361B63}.Autodesk Navisworks Manage 2018|x64.ActiveCfg = Autodesk Navisworks Manage 2018|x64
		{0CF6E1A1-FD98-41C4-B377-3C7324361B63}.Autodesk Navisworks Manage 2018|x64.Build.0 = Autodesk Navisworks Manage 2018|x64
		{0CF6E1A1-FD98-41C4-B377-3C7324361B63}.Autodesk Navisworks Manage 2019|Any CPU.ActiveCfg = Autodesk Navisworks Manage 2019|Any CPU
		{0CF6E1A1-FD98-41C4-B377-3C7324361B63}.Autodesk Navisworks Manage 2019|Any CPU.Build.0 = Autodesk Navisworks Manage 2019|Any CPU
		{0CF6E1A1-FD98-41C4-B377-3C7324361B63}.Autodesk Navisworks Manage 2019|x64.ActiveCfg = Autodesk Navisworks Manage 2019|x64
		{0CF6E1A1-FD98-41C4-B377-3C7324361B63}.Autodesk Navisworks Manage 2019|x64.Build.0 = Autodesk Navisworks Manage 2019|x64
		{0CF6E1A1-FD98-41C4-B377-3C7324361B63}.Debug|Any CPU.ActiveCfg = Autodesk Navisworks Manage 2019|Any CPU
		{0CF6E1A1-FD98-41C4-B377-3C7324361B63}.Debug|Any CPU.Build.0 = Autodesk Navisworks Manage 2019|Any CPU
		{0CF6E1A1-FD98-41C4-B377-3C7324361B63}.Debug|x64.ActiveCfg = Autodesk Navisworks Manage 2018|x64
		{0CF6E1A1-FD98-41C4-B377-3C7324361B63}.Debug|x64.Build.0 = Autodesk Navisworks Manage 2018|x64
		{0CF6E1A1-FD98-41C4-B377-3C7324361B63}.Release|Any CPU.ActiveCfg = Autodesk Navisworks Manage 2019|Any CPU
		{0CF6E1A1-FD98-41C4-B377-3C7324361B63}.Release|Any CPU.Build.0 = Autodesk Navisworks Manage 2019|Any CPU
		{0CF6E1A1-FD98-41C4-B377-3C7324361B63}.Release|x64.ActiveCfg = Autodesk Navisworks Manage 2018|x64
		{0CF6E1A1-FD98-41C4-B377-3C7324361B63}.Release|x64.Build.0 = Autodesk Navisworks Manage 2018|x64
		{03FEEE33-461A-45B4-BD6F-7154E58A12DB}.2017|Any CPU.ActiveCfg = Autodesk Navisworks Manage 2019|Any CPU
		{03FEEE33-461A-45B4-BD6F-7154E58A12DB}.2017|Any CPU.Build.0 = Autodesk Navisworks Manage 2019|Any CPU
		{03FEEE33-461A-45B4-BD6F-7154E58A12DB}.2017|x64.ActiveCfg = Autodesk Navisworks Manage 2019|Any CPU
		{03FEEE33-461A-45B4-BD6F-7154E58A12DB}.2017|x64.Build.0 = Autodesk Navisworks Manage 2019|Any CPU
		{03FEEE33-461A-45B4-BD6F-7154E58A12DB}.2018|Any CPU.ActiveCfg = Autodesk Navisworks Manage 2018|Any CPU
		{03FEEE33-461A-45B4-BD6F-7154E58A12DB}.2018|Any CPU.Build.0 = Autodesk Navisworks Manage 2018|Any CPU
		{03FEEE33-461A-45B4-BD6F-7154E58A12DB}.2018|x64.ActiveCfg = Autodesk Navisworks Manage 2019|Any CPU
		{03FEEE33-461A-45B4-BD6F-7154E58A12DB}.2018|x64.Build.0 = Autodesk Navisworks Manage 2019|Any CPU
		{03FEEE33-461A-45B4-BD6F-7154E58A12DB}.2019|Any CPU.ActiveCfg = Autodesk Navisworks Manage 2019|Any CPU
		{03FEEE33-461A-45B4-BD6F-7154E58A12DB}.2019|Any CPU.Build.0 = Autodesk Navisworks Manage 2019|Any CPU
		{03FEEE33-461A-45B4-BD6F-7154E58A12DB}.2019|x64.ActiveCfg = Autodesk Navisworks Manage 2019|Any CPU
		{03FEEE33-461A-45B4-BD6F-7154E58A12DB}.2019|x64.Build.0 = Autodesk Navisworks Manage 2019|Any CPU
		{03FEEE33-461A-45B4-BD6F-7154E58A12DB}.Autodesk Navisworks Manage 2017|Any CPU.ActiveCfg = Autodesk Navisworks Manage 2019|Any CPU
		{03FEEE33-461A-45B4-BD6F-7154E58A12DB}.Autodesk Navisworks Manage 2017|Any CPU.Build.0 = Autodesk Navisworks Manage 2019|Any CPU
		{03FEEE33-461A-45B4-BD6F-7154E58A12DB}.Autodesk Navisworks Manage 2017|x64.ActiveCfg = Autodesk Navisworks Manage 2019|Any CPU
		{03FEEE33-461A-45B4-BD6F-7154E58A12DB}.Autodesk Navisworks Manage 2017|x64.Build.0 = Autodesk Navisworks Manage 2019|Any CPU
		{03FEEE33-461A-45B4-BD6F-7154E58A12DB}.Autodesk Navisworks Manage 2018|Any CPU.ActiveCfg = Autodesk Navisworks Manage 2018|Any CPU
		{03FEEE33-461A-45B4-BD6F-7154E58A12DB}.Autodesk Navisworks Manage 2018|Any CPU.Build.0 = Autodesk Navisworks Manage 2018|Any CPU
		{03FEEE33-461A-45B4-BD6F-7154E58A12DB}.Autodesk Navisworks Manage 2018|x64.ActiveCfg = Autodesk Navisworks Manage 2018|Any CPU
		{03FEEE33-461A-45B4-BD6F-7154E58A12DB}.Autodesk Navisworks Manage 2018|x64.Build.0 = Autodesk Navisworks Manage 2018|Any CPU
		{03FEEE33-461A-45B4-BD6F-7154E58A12DB}.Autodesk Navisworks Manage 2019|Any CPU.ActiveCfg = Autodesk Navisworks Manage 2019|Any CPU
		{03FEEE33-461A-45B4-BD6F-7154E58A12DB}.Autodesk Navisworks Manage 2019|Any CPU.Build.0 = Autodesk Navisworks Manage 2019|Any CPU
		{03FEEE33-461A-45B4-BD6F-7154E58A12DB}.Autodesk Navisworks Manage 2019|x64.ActiveCfg = Autodesk Navisworks Manage 2019|Any CPU
		{03FEEE33-461A-45B4-BD6F-7154E58A12DB}.Autodesk Navisworks Manage 2019|x64.Build.0 = Autodesk Navisworks Manage 2019|Any CPU
		{03FEEE33-461A-45B4-BD6F-7154E58A12DB}.Debug|Any CPU.ActiveCfg = Autodesk Navisworks Manage 2019|Any CPU
		{03FEEE33-461A-45B4-BD6F-7154E58A12DB}.Debug|Any CPU.Build.0 = Autodesk Navisworks Manage 2019|Any CPU
		{03FEEE33-461A-45B4-BD6F-7154E58A12DB}.Debug|x64.ActiveCfg = Autodesk Navisworks Manage 2019|Any CPU
		{03FEEE33-461A-45B4-BD6F-7154E58A12DB}.Debug|x64.Build.0 = Autodesk Navisworks Manage 2019|Any CPU
		{03FEEE33-461A-45B4-BD6F-7154E58A12DB}.Release|Any CPU.ActiveCfg = Autodesk Navisworks Manage 2019|Any CPU
		{03FEEE33-461A-45B4-BD6F-7154E58A12DB}.Release|Any CPU.Build.0 = Autodesk Navisworks Manage 2019|Any CPU
		{03FEEE33-461A-45B4-BD6F-7154E58A12DB}.Release|x64.ActiveCfg = Autodesk Navisworks Manage 2019|Any CPU
		{03FEEE33-461A-45B4-BD6F-7154E58A12DB}.Release|x64.Build.0 = Autodesk Navisworks Manage 2019|Any CPU
		{3069A3F2-F67C-4E4D-AD8C-451AF5845E7A}.2017|Any CPU.ActiveCfg = Debug|Any CPU
		{3069A3F2-F67C-4E4D-AD8C-451AF5845E7A}.2017|Any CPU.Build.0 = Debug|Any CPU
		{3069A3F2-F67C-4E4D-AD8C-451AF5845E7A}.2017|x64.ActiveCfg = Debug|Any CPU
		{3069A3F2-F67C-4E4D-AD8C-451AF5845E7A}.2017|x64.Build.0 = Debug|Any CPU
		{3069A3F2-F67C-4E4D-AD8C-451AF5845E7A}.2018|Any CPU.ActiveCfg = Release|Any CPU
		{3069A3F2-F67C-4E4D-AD8C-451AF5845E7A}.2018|x64.ActiveCfg = Debug|Any CPU
		{3069A3F2-F67C-4E4D-AD8C-451AF5845E7A}.2018|x64.Build.0 = Debug|Any CPU
		{3069A3F2-F67C-4E4D-AD8C-451AF5845E7A}.2019|Any CPU.ActiveCfg = Release|Any CPU
		{3069A3F2-F67C-4E4D-AD8C-451AF5845E7A}.2019|x64.ActiveCfg = Debug|Any CPU
		{3069A3F2-F67C-4E4D-AD8C-451AF5845E7A}.2019|x64.Build.0 = Debug|Any CPU
		{3069A3F2-F67C-4E4D-AD8C-451AF5845E7A}.Autodesk Navisworks Manage 2017|Any CPU.ActiveCfg = Debug|Any CPU
		{3069A3F2-F67C-4E4D-AD8C-451AF5845E7A}.Autodesk Navisworks Manage 2017|Any CPU.Build.0 = Debug|Any CPU
		{3069A3F2-F67C-4E4D-AD8C-451AF5845E7A}.Autodesk Navisworks Manage 2017|x64.ActiveCfg = Debug|Any CPU
		{3069A3F2-F67C-4E4D-AD8C-451AF5845E7A}.Autodesk Navisworks Manage 2017|x64.Build.0 = Debug|Any CPU
		{3069A3F2-F67C-4E4D-AD8C-451AF5845E7A}.Autodesk Navisworks Manage 2018|Any CPU.ActiveCfg = Debug|Any CPU
		{3069A3F2-F67C-4E4D-AD8C-451AF5845E7A}.Autodesk Navisworks Manage 2018|Any CPU.Build.0 = Debug|Any CPU
		{3069A3F2-F67C-4E4D-AD8C-451AF5845E7A}.Autodesk Navisworks Manage 2018|x64.ActiveCfg = Debug|Any CPU
		{3069A3F2-F67C-4E4D-AD8C-451AF5845E7A}.Autodesk Navisworks Manage 2018|x64.Build.0 = Debug|Any CPU
		{3069A3F2-F67C-4E4D-AD8C-451AF5845E7A}.Autodesk Navisworks Manage 2019|Any CPU.ActiveCfg = Debug|Any CPU
		{3069A3F2-F67C-4E4D-AD8C-451AF5845E7A}.Autodesk Navisworks Manage 2019|Any CPU.Build.0 = Debug|Any CPU
		{3069A3F2-F67C-4E4D-AD8C-451AF5845E7A}.Autodesk Navisworks Manage 2019|x64.ActiveCfg = Debug|Any CPU
		{3069A3F2-F67C-4E4D-AD8C-451AF5845E7A}.Autodesk Navisworks Manage 2019|x64.Build.0 = Debug|Any CPU
		{3069A3F2-F67C-4E4D-AD8C-451AF5845E7A}.Debug|Any CPU.ActiveCfg = Debug|Any CPU
		{3069A3F2-F67C-4E4D-AD8C-451AF5845E7A}.Debug|Any CPU.Build.0 = Debug|Any CPU
		{3069A3F2-F67C-4E4D-AD8C-451AF5845E7A}.Debug|x64.ActiveCfg = Debug|Any CPU
		{3069A3F2-F67C-4E4D-AD8C-451AF5845E7A}.Debug|x64.Build.0 = Debug|Any CPU
		{3069A3F2-F67C-4E4D-AD8C-451AF5845E7A}.Release|Any CPU.ActiveCfg = Release|Any CPU
		{3069A3F2-F67C-4E4D-AD8C-451AF5845E7A}.Release|Any CPU.Build.0 = Release|Any CPU
		{3069A3F2-F67C-4E4D-AD8C-451AF5845E7A}.Release|x64.ActiveCfg = Release|Any CPU
		{3069A3F2-F67C-4E4D-AD8C-451AF5845E7A}.Release|x64.Build.0 = Release|Any CPU
		{593E9BFD-BE78-4487-9E22-76AE7DF0B84A}.2017|Any CPU.ActiveCfg = 2017|Any CPU
		{593E9BFD-BE78-4487-9E22-76AE7DF0B84A}.2017|Any CPU.Build.0 = 2017|Any CPU
		{593E9BFD-BE78-4487-9E22-76AE7DF0B84A}.2017|x64.ActiveCfg = 2017|Any CPU
		{593E9BFD-BE78-4487-9E22-76AE7DF0B84A}.2017|x64.Build.0 = 2017|Any CPU
		{593E9BFD-BE78-4487-9E22-76AE7DF0B84A}.2018|Any CPU.ActiveCfg = Release|Any CPU
		{593E9BFD-BE78-4487-9E22-76AE7DF0B84A}.2018|x64.ActiveCfg = Release|Any CPU
		{593E9BFD-BE78-4487-9E22-76AE7DF0B84A}.2018|x64.Build.0 = Release|Any CPU
		{593E9BFD-BE78-4487-9E22-76AE7DF0B84A}.2019|Any CPU.ActiveCfg = Release|Any CPU
		{593E9BFD-BE78-4487-9E22-76AE7DF0B84A}.2019|x64.ActiveCfg = Release|Any CPU
		{593E9BFD-BE78-4487-9E22-76AE7DF0B84A}.2019|x64.Build.0 = Release|Any CPU
		{593E9BFD-BE78-4487-9E22-76AE7DF0B84A}.Autodesk Navisworks Manage 2017|Any CPU.ActiveCfg = 2017|Any CPU
		{593E9BFD-BE78-4487-9E22-76AE7DF0B84A}.Autodesk Navisworks Manage 2017|Any CPU.Build.0 = 2017|Any CPU
		{593E9BFD-BE78-4487-9E22-76AE7DF0B84A}.Autodesk Navisworks Manage 2017|x64.ActiveCfg = 2017|Any CPU
		{593E9BFD-BE78-4487-9E22-76AE7DF0B84A}.Autodesk Navisworks Manage 2017|x64.Build.0 = 2017|Any CPU
		{593E9BFD-BE78-4487-9E22-76AE7DF0B84A}.Autodesk Navisworks Manage 2018|Any CPU.ActiveCfg = 2017|Any CPU
		{593E9BFD-BE78-4487-9E22-76AE7DF0B84A}.Autodesk Navisworks Manage 2018|Any CPU.Build.0 = 2017|Any CPU
		{593E9BFD-BE78-4487-9E22-76AE7DF0B84A}.Autodesk Navisworks Manage 2018|x64.ActiveCfg = 2017|Any CPU
		{593E9BFD-BE78-4487-9E22-76AE7DF0B84A}.Autodesk Navisworks Manage 2018|x64.Build.0 = 2017|Any CPU
		{593E9BFD-BE78-4487-9E22-76AE7DF0B84A}.Autodesk Navisworks Manage 2019|Any CPU.ActiveCfg = 2017|Any CPU
		{593E9BFD-BE78-4487-9E22-76AE7DF0B84A}.Autodesk Navisworks Manage 2019|Any CPU.Build.0 = 2017|Any CPU
		{593E9BFD-BE78-4487-9E22-76AE7DF0B84A}.Autodesk Navisworks Manage 2019|x64.ActiveCfg = 2017|Any CPU
		{593E9BFD-BE78-4487-9E22-76AE7DF0B84A}.Autodesk Navisworks Manage 2019|x64.Build.0 = 2017|Any CPU
		{593E9BFD-BE78-4487-9E22-76AE7DF0B84A}.Debug|Any CPU.ActiveCfg = Debug|Any CPU
		{593E9BFD-BE78-4487-9E22-76AE7DF0B84A}.Debug|Any CPU.Build.0 = Debug|Any CPU
		{593E9BFD-BE78-4487-9E22-76AE7DF0B84A}.Debug|x64.ActiveCfg = Debug|Any CPU
		{593E9BFD-BE78-4487-9E22-76AE7DF0B84A}.Debug|x64.Build.0 = Debug|Any CPU
		{593E9BFD-BE78-4487-9E22-76AE7DF0B84A}.Release|Any CPU.ActiveCfg = Release|Any CPU
		{593E9BFD-BE78-4487-9E22-76AE7DF0B84A}.Release|Any CPU.Build.0 = Release|Any CPU
		{593E9BFD-BE78-4487-9E22-76AE7DF0B84A}.Release|x64.ActiveCfg = Release|Any CPU
		{593E9BFD-BE78-4487-9E22-76AE7DF0B84A}.Release|x64.Build.0 = Release|Any CPU
		{A2AAA7E5-91CA-4349-8569-0A21037CE666}.2017|Any CPU.ActiveCfg = 2017|Any CPU
		{A2AAA7E5-91CA-4349-8569-0A21037CE666}.2017|Any CPU.Build.0 = 2017|Any CPU
		{A2AAA7E5-91CA-4349-8569-0A21037CE666}.2017|x64.ActiveCfg = 2017|Any CPU
		{A2AAA7E5-91CA-4349-8569-0A21037CE666}.2017|x64.Build.0 = 2017|Any CPU
		{A2AAA7E5-91CA-4349-8569-0A21037CE666}.2018|Any CPU.ActiveCfg = Release|Any CPU
		{A2AAA7E5-91CA-4349-8569-0A21037CE666}.2018|Any CPU.Build.0 = Release|Any CPU
		{A2AAA7E5-91CA-4349-8569-0A21037CE666}.2018|x64.ActiveCfg = Release|Any CPU
		{A2AAA7E5-91CA-4349-8569-0A21037CE666}.2018|x64.Build.0 = Release|Any CPU
		{A2AAA7E5-91CA-4349-8569-0A21037CE666}.2019|Any CPU.ActiveCfg = Release|Any CPU
		{A2AAA7E5-91CA-4349-8569-0A21037CE666}.2019|Any CPU.Build.0 = Release|Any CPU
		{A2AAA7E5-91CA-4349-8569-0A21037CE666}.2019|x64.ActiveCfg = Release|Any CPU
		{A2AAA7E5-91CA-4349-8569-0A21037CE666}.2019|x64.Build.0 = Release|Any CPU
		{A2AAA7E5-91CA-4349-8569-0A21037CE666}.Autodesk Navisworks Manage 2017|Any CPU.ActiveCfg = 2017|Any CPU
		{A2AAA7E5-91CA-4349-8569-0A21037CE666}.Autodesk Navisworks Manage 2017|Any CPU.Build.0 = 2017|Any CPU
		{A2AAA7E5-91CA-4349-8569-0A21037CE666}.Autodesk Navisworks Manage 2017|x64.ActiveCfg = 2017|Any CPU
		{A2AAA7E5-91CA-4349-8569-0A21037CE666}.Autodesk Navisworks Manage 2017|x64.Build.0 = 2017|Any CPU
		{A2AAA7E5-91CA-4349-8569-0A21037CE666}.Autodesk Navisworks Manage 2018|Any CPU.ActiveCfg = 2017|Any CPU
		{A2AAA7E5-91CA-4349-8569-0A21037CE666}.Autodesk Navisworks Manage 2018|Any CPU.Build.0 = 2017|Any CPU
		{A2AAA7E5-91CA-4349-8569-0A21037CE666}.Autodesk Navisworks Manage 2018|x64.ActiveCfg = 2017|Any CPU
		{A2AAA7E5-91CA-4349-8569-0A21037CE666}.Autodesk Navisworks Manage 2018|x64.Build.0 = 2017|Any CPU
		{A2AAA7E5-91CA-4349-8569-0A21037CE666}.Autodesk Navisworks Manage 2019|Any CPU.ActiveCfg = 2017|Any CPU
		{A2AAA7E5-91CA-4349-8569-0A21037CE666}.Autodesk Navisworks Manage 2019|Any CPU.Build.0 = 2017|Any CPU
		{A2AAA7E5-91CA-4349-8569-0A21037CE666}.Autodesk Navisworks Manage 2019|x64.ActiveCfg = 2017|Any CPU
		{A2AAA7E5-91CA-4349-8569-0A21037CE666}.Autodesk Navisworks Manage 2019|x64.Build.0 = 2017|Any CPU
		{A2AAA7E5-91CA-4349-8569-0A21037CE666}.Debug|Any CPU.ActiveCfg = Debug|Any CPU
		{A2AAA7E5-91CA-4349-8569-0A21037CE666}.Debug|Any CPU.Build.0 = Debug|Any CPU
		{A2AAA7E5-91CA-4349-8569-0A21037CE666}.Debug|x64.ActiveCfg = Debug|Any CPU
		{A2AAA7E5-91CA-4349-8569-0A21037CE666}.Debug|x64.Build.0 = Debug|Any CPU
		{A2AAA7E5-91CA-4349-8569-0A21037CE666}.Release|Any CPU.ActiveCfg = Release|Any CPU
		{A2AAA7E5-91CA-4349-8569-0A21037CE666}.Release|Any CPU.Build.0 = Release|Any CPU
		{A2AAA7E5-91CA-4349-8569-0A21037CE666}.Release|x64.ActiveCfg = Release|Any CPU
		{A2AAA7E5-91CA-4349-8569-0A21037CE666}.Release|x64.Build.0 = Release|Any CPU
		{C3CEEF5C-D8F0-40FD-A836-4D98EE2C6007}.2017|Any CPU.ActiveCfg = Autodesk Navisworks Manage 2017|Any CPU
		{C3CEEF5C-D8F0-40FD-A836-4D98EE2C6007}.2017|Any CPU.Build.0 = Autodesk Navisworks Manage 2017|Any CPU
		{C3CEEF5C-D8F0-40FD-A836-4D98EE2C6007}.2017|x64.ActiveCfg = Autodesk Navisworks Manage 2017|Any CPU
		{C3CEEF5C-D8F0-40FD-A836-4D98EE2C6007}.2017|x64.Build.0 = Autodesk Navisworks Manage 2017|Any CPU
		{C3CEEF5C-D8F0-40FD-A836-4D98EE2C6007}.2018|Any CPU.ActiveCfg = Autodesk Navisworks Manage 2017|Any CPU
		{C3CEEF5C-D8F0-40FD-A836-4D98EE2C6007}.2018|Any CPU.Build.0 = Autodesk Navisworks Manage 2017|Any CPU
		{C3CEEF5C-D8F0-40FD-A836-4D98EE2C6007}.2018|x64.ActiveCfg = Autodesk Navisworks Manage 2017|Any CPU
		{C3CEEF5C-D8F0-40FD-A836-4D98EE2C6007}.2018|x64.Build.0 = Autodesk Navisworks Manage 2017|Any CPU
		{C3CEEF5C-D8F0-40FD-A836-4D98EE2C6007}.2019|Any CPU.ActiveCfg = Autodesk Navisworks Manage 2017|Any CPU
		{C3CEEF5C-D8F0-40FD-A836-4D98EE2C6007}.2019|Any CPU.Build.0 = Autodesk Navisworks Manage 2017|Any CPU
		{C3CEEF5C-D8F0-40FD-A836-4D98EE2C6007}.2019|x64.ActiveCfg = Autodesk Navisworks Manage 2017|Any CPU
		{C3CEEF5C-D8F0-40FD-A836-4D98EE2C6007}.2019|x64.Build.0 = Autodesk Navisworks Manage 2017|Any CPU
		{C3CEEF5C-D8F0-40FD-A836-4D98EE2C6007}.Autodesk Navisworks Manage 2017|Any CPU.ActiveCfg = Autodesk Navisworks Manage 2017|Any CPU
		{C3CEEF5C-D8F0-40FD-A836-4D98EE2C6007}.Autodesk Navisworks Manage 2017|Any CPU.Build.0 = Autodesk Navisworks Manage 2017|Any CPU
		{C3CEEF5C-D8F0-40FD-A836-4D98EE2C6007}.Autodesk Navisworks Manage 2017|x64.ActiveCfg = Autodesk Navisworks Manage 2017|Any CPU
		{C3CEEF5C-D8F0-40FD-A836-4D98EE2C6007}.Autodesk Navisworks Manage 2017|x64.Build.0 = Autodesk Navisworks Manage 2017|Any CPU
		{C3CEEF5C-D8F0-40FD-A836-4D98EE2C6007}.Autodesk Navisworks Manage 2018|Any CPU.ActiveCfg = Autodesk Navisworks Manage 2017|Any CPU
		{C3CEEF5C-D8F0-40FD-A836-4D98EE2C6007}.Autodesk Navisworks Manage 2018|Any CPU.Build.0 = Autodesk Navisworks Manage 2017|Any CPU
		{C3CEEF5C-D8F0-40FD-A836-4D98EE2C6007}.Autodesk Navisworks Manage 2018|x64.ActiveCfg = Autodesk Navisworks Manage 2017|Any CPU
		{C3CEEF5C-D8F0-40FD-A836-4D98EE2C6007}.Autodesk Navisworks Manage 2018|x64.Build.0 = Autodesk Navisworks Manage 2017|Any CPU
		{C3CEEF5C-D8F0-40FD-A836-4D98EE2C6007}.Autodesk Navisworks Manage 2019|Any CPU.ActiveCfg = Autodesk Navisworks Manage 2017|Any CPU
		{C3CEEF5C-D8F0-40FD-A836-4D98EE2C6007}.Autodesk Navisworks Manage 2019|Any CPU.Build.0 = Autodesk Navisworks Manage 2017|Any CPU
		{C3CEEF5C-D8F0-40FD-A836-4D98EE2C6007}.Autodesk Navisworks Manage 2019|x64.ActiveCfg = Autodesk Navisworks Manage 2017|Any CPU
		{C3CEEF5C-D8F0-40FD-A836-4D98EE2C6007}.Autodesk Navisworks Manage 2019|x64.Build.0 = Autodesk Navisworks Manage 2017|Any CPU
		{C3CEEF5C-D8F0-40FD-A836-4D98EE2C6007}.Debug|Any CPU.ActiveCfg = Debug|Any CPU
		{C3CEEF5C-D8F0-40FD-A836-4D98EE2C6007}.Debug|Any CPU.Build.0 = Debug|Any CPU
		{C3CEEF5C-D8F0-40FD-A836-4D98EE2C6007}.Debug|x64.ActiveCfg = Debug|Any CPU
		{C3CEEF5C-D8F0-40FD-A836-4D98EE2C6007}.Debug|x64.Build.0 = Debug|Any CPU
		{C3CEEF5C-D8F0-40FD-A836-4D98EE2C6007}.Release|Any CPU.ActiveCfg = Release|Any CPU
		{C3CEEF5C-D8F0-40FD-A836-4D98EE2C6007}.Release|Any CPU.Build.0 = Release|Any CPU
		{C3CEEF5C-D8F0-40FD-A836-4D98EE2C6007}.Release|x64.ActiveCfg = Release|Any CPU
		{C3CEEF5C-D8F0-40FD-A836-4D98EE2C6007}.Release|x64.Build.0 = Release|Any CPU
		{1840F78A-99B9-4B51-A571-A97CC7BC8802}.2017|Any CPU.ActiveCfg = Autodesk Navisworks Manage 2017|Any CPU
		{1840F78A-99B9-4B51-A571-A97CC7BC8802}.2017|Any CPU.Build.0 = Autodesk Navisworks Manage 2017|Any CPU
		{1840F78A-99B9-4B51-A571-A97CC7BC8802}.2017|x64.ActiveCfg = Autodesk Navisworks Manage 2017|Any CPU
		{1840F78A-99B9-4B51-A571-A97CC7BC8802}.2017|x64.Build.0 = Autodesk Navisworks Manage 2017|Any CPU
		{1840F78A-99B9-4B51-A571-A97CC7BC8802}.2018|Any CPU.ActiveCfg = Autodesk Navisworks Manage 2017|Any CPU
		{1840F78A-99B9-4B51-A571-A97CC7BC8802}.2018|Any CPU.Build.0 = Autodesk Navisworks Manage 2017|Any CPU
		{1840F78A-99B9-4B51-A571-A97CC7BC8802}.2018|x64.ActiveCfg = Autodesk Navisworks Manage 2017|Any CPU
		{1840F78A-99B9-4B51-A571-A97CC7BC8802}.2018|x64.Build.0 = Autodesk Navisworks Manage 2017|Any CPU
		{1840F78A-99B9-4B51-A571-A97CC7BC8802}.2019|Any CPU.ActiveCfg = Autodesk Navisworks Manage 2017|Any CPU
		{1840F78A-99B9-4B51-A571-A97CC7BC8802}.2019|Any CPU.Build.0 = Autodesk Navisworks Manage 2017|Any CPU
		{1840F78A-99B9-4B51-A571-A97CC7BC8802}.2019|x64.ActiveCfg = Autodesk Navisworks Manage 2017|Any CPU
		{1840F78A-99B9-4B51-A571-A97CC7BC8802}.2019|x64.Build.0 = Autodesk Navisworks Manage 2017|Any CPU
		{1840F78A-99B9-4B51-A571-A97CC7BC8802}.Autodesk Navisworks Manage 2017|Any CPU.ActiveCfg = Autodesk Navisworks Manage 2017|Any CPU
		{1840F78A-99B9-4B51-A571-A97CC7BC8802}.Autodesk Navisworks Manage 2017|Any CPU.Build.0 = Autodesk Navisworks Manage 2017|Any CPU
		{1840F78A-99B9-4B51-A571-A97CC7BC8802}.Autodesk Navisworks Manage 2017|x64.ActiveCfg = Autodesk Navisworks Manage 2017|Any CPU
		{1840F78A-99B9-4B51-A571-A97CC7BC8802}.Autodesk Navisworks Manage 2017|x64.Build.0 = Autodesk Navisworks Manage 2017|Any CPU
		{1840F78A-99B9-4B51-A571-A97CC7BC8802}.Autodesk Navisworks Manage 2018|Any CPU.ActiveCfg = Autodesk Navisworks Manage 2017|Any CPU
		{1840F78A-99B9-4B51-A571-A97CC7BC8802}.Autodesk Navisworks Manage 2018|Any CPU.Build.0 = Autodesk Navisworks Manage 2017|Any CPU
		{1840F78A-99B9-4B51-A571-A97CC7BC8802}.Autodesk Navisworks Manage 2018|x64.ActiveCfg = Autodesk Navisworks Manage 2017|Any CPU
		{1840F78A-99B9-4B51-A571-A97CC7BC8802}.Autodesk Navisworks Manage 2018|x64.Build.0 = Autodesk Navisworks Manage 2017|Any CPU
		{1840F78A-99B9-4B51-A571-A97CC7BC8802}.Autodesk Navisworks Manage 2019|Any CPU.ActiveCfg = Autodesk Navisworks Manage 2017|Any CPU
		{1840F78A-99B9-4B51-A571-A97CC7BC8802}.Autodesk Navisworks Manage 2019|Any CPU.Build.0 = Autodesk Navisworks Manage 2017|Any CPU
		{1840F78A-99B9-4B51-A571-A97CC7BC8802}.Autodesk Navisworks Manage 2019|x64.ActiveCfg = Autodesk Navisworks Manage 2017|Any CPU
		{1840F78A-99B9-4B51-A571-A97CC7BC8802}.Autodesk Navisworks Manage 2019|x64.Build.0 = Autodesk Navisworks Manage 2017|Any CPU
		{1840F78A-99B9-4B51-A571-A97CC7BC8802}.Debug|Any CPU.ActiveCfg = Debug|Any CPU
		{1840F78A-99B9-4B51-A571-A97CC7BC8802}.Debug|Any CPU.Build.0 = Debug|Any CPU
		{1840F78A-99B9-4B51-A571-A97CC7BC8802}.Debug|x64.ActiveCfg = Debug|Any CPU
		{1840F78A-99B9-4B51-A571-A97CC7BC8802}.Debug|x64.Build.0 = Debug|Any CPU
		{1840F78A-99B9-4B51-A571-A97CC7BC8802}.Release|Any CPU.ActiveCfg = Release|Any CPU
		{1840F78A-99B9-4B51-A571-A97CC7BC8802}.Release|Any CPU.Build.0 = Release|Any CPU
		{1840F78A-99B9-4B51-A571-A97CC7BC8802}.Release|x64.ActiveCfg = Release|Any CPU
		{1840F78A-99B9-4B51-A571-A97CC7BC8802}.Release|x64.Build.0 = Release|Any CPU
		{6764EF22-53EC-4100-92BC-DCC96144236B}.2017|Any CPU.ActiveCfg = Autodesk Navisworks Manage 2017|Any CPU
		{6764EF22-53EC-4100-92BC-DCC96144236B}.2017|Any CPU.Build.0 = Autodesk Navisworks Manage 2017|Any CPU
		{6764EF22-53EC-4100-92BC-DCC96144236B}.2017|x64.ActiveCfg = Autodesk Navisworks Manage 2017|Any CPU
		{6764EF22-53EC-4100-92BC-DCC96144236B}.2017|x64.Build.0 = Autodesk Navisworks Manage 2017|Any CPU
		{6764EF22-53EC-4100-92BC-DCC96144236B}.2018|Any CPU.ActiveCfg = Autodesk Navisworks Manage 2017|Any CPU
		{6764EF22-53EC-4100-92BC-DCC96144236B}.2018|Any CPU.Build.0 = Autodesk Navisworks Manage 2017|Any CPU
		{6764EF22-53EC-4100-92BC-DCC96144236B}.2018|x64.ActiveCfg = Autodesk Navisworks Manage 2017|Any CPU
		{6764EF22-53EC-4100-92BC-DCC96144236B}.2018|x64.Build.0 = Autodesk Navisworks Manage 2017|Any CPU
		{6764EF22-53EC-4100-92BC-DCC96144236B}.2019|Any CPU.ActiveCfg = Autodesk Navisworks Manage 2017|Any CPU
		{6764EF22-53EC-4100-92BC-DCC96144236B}.2019|Any CPU.Build.0 = Autodesk Navisworks Manage 2017|Any CPU
		{6764EF22-53EC-4100-92BC-DCC96144236B}.2019|x64.ActiveCfg = Autodesk Navisworks Manage 2017|Any CPU
		{6764EF22-53EC-4100-92BC-DCC96144236B}.2019|x64.Build.0 = Autodesk Navisworks Manage 2017|Any CPU
		{6764EF22-53EC-4100-92BC-DCC96144236B}.Autodesk Navisworks Manage 2017|Any CPU.ActiveCfg = Autodesk Navisworks Manage 2017|Any CPU
		{6764EF22-53EC-4100-92BC-DCC96144236B}.Autodesk Navisworks Manage 2017|Any CPU.Build.0 = Autodesk Navisworks Manage 2017|Any CPU
		{6764EF22-53EC-4100-92BC-DCC96144236B}.Autodesk Navisworks Manage 2017|x64.ActiveCfg = Autodesk Navisworks Manage 2017|Any CPU
		{6764EF22-53EC-4100-92BC-DCC96144236B}.Autodesk Navisworks Manage 2017|x64.Build.0 = Autodesk Navisworks Manage 2017|Any CPU
		{6764EF22-53EC-4100-92BC-DCC96144236B}.Autodesk Navisworks Manage 2018|Any CPU.ActiveCfg = Autodesk Navisworks Manage 2017|Any CPU
		{6764EF22-53EC-4100-92BC-DCC96144236B}.Autodesk Navisworks Manage 2018|Any CPU.Build.0 = Autodesk Navisworks Manage 2017|Any CPU
		{6764EF22-53EC-4100-92BC-DCC96144236B}.Autodesk Navisworks Manage 2018|x64.ActiveCfg = Autodesk Navisworks Manage 2017|Any CPU
		{6764EF22-53EC-4100-92BC-DCC96144236B}.Autodesk Navisworks Manage 2018|x64.Build.0 = Autodesk Navisworks Manage 2017|Any CPU
		{6764EF22-53EC-4100-92BC-DCC96144236B}.Autodesk Navisworks Manage 2019|Any CPU.ActiveCfg = Autodesk Navisworks Manage 2017|Any CPU
		{6764EF22-53EC-4100-92BC-DCC96144236B}.Autodesk Navisworks Manage 2019|Any CPU.Build.0 = Autodesk Navisworks Manage 2017|Any CPU
		{6764EF22-53EC-4100-92BC-DCC96144236B}.Autodesk Navisworks Manage 2019|x64.ActiveCfg = Autodesk Navisworks Manage 2017|Any CPU
		{6764EF22-53EC-4100-92BC-DCC96144236B}.Autodesk Navisworks Manage 2019|x64.Build.0 = Autodesk Navisworks Manage 2017|Any CPU
		{6764EF22-53EC-4100-92BC-DCC96144236B}.Debug|Any CPU.ActiveCfg = Debug|Any CPU
		{6764EF22-53EC-4100-92BC-DCC96144236B}.Debug|Any CPU.Build.0 = Debug|Any CPU
		{6764EF22-53EC-4100-92BC-DCC96144236B}.Debug|x64.ActiveCfg = Debug|Any CPU
		{6764EF22-53EC-4100-92BC-DCC96144236B}.Debug|x64.Build.0 = Debug|Any CPU
		{6764EF22-53EC-4100-92BC-DCC96144236B}.Release|Any CPU.ActiveCfg = Release|Any CPU
		{6764EF22-53EC-4100-92BC-DCC96144236B}.Release|Any CPU.Build.0 = Release|Any CPU
		{6764EF22-53EC-4100-92BC-DCC96144236B}.Release|x64.ActiveCfg = Release|Any CPU
		{6764EF22-53EC-4100-92BC-DCC96144236B}.Release|x64.Build.0 = Release|Any CPU
		{7547CC7B-2BBE-4774-B188-42CA2F051143}.2017|Any CPU.ActiveCfg = Autodesk Navisworks Manage 2017|Any CPU
		{7547CC7B-2BBE-4774-B188-42CA2F051143}.2017|Any CPU.Build.0 = Autodesk Navisworks Manage 2017|Any CPU
		{7547CC7B-2BBE-4774-B188-42CA2F051143}.2017|x64.ActiveCfg = Autodesk Navisworks Manage 2017|Any CPU
		{7547CC7B-2BBE-4774-B188-42CA2F051143}.2017|x64.Build.0 = Autodesk Navisworks Manage 2017|Any CPU
		{7547CC7B-2BBE-4774-B188-42CA2F051143}.2018|Any CPU.ActiveCfg = Autodesk Navisworks Manage 2017|Any CPU
		{7547CC7B-2BBE-4774-B188-42CA2F051143}.2018|Any CPU.Build.0 = Autodesk Navisworks Manage 2017|Any CPU
		{7547CC7B-2BBE-4774-B188-42CA2F051143}.2018|x64.ActiveCfg = Autodesk Navisworks Manage 2017|Any CPU
		{7547CC7B-2BBE-4774-B188-42CA2F051143}.2018|x64.Build.0 = Autodesk Navisworks Manage 2017|Any CPU
		{7547CC7B-2BBE-4774-B188-42CA2F051143}.2019|Any CPU.ActiveCfg = Autodesk Navisworks Manage 2017|Any CPU
		{7547CC7B-2BBE-4774-B188-42CA2F051143}.2019|Any CPU.Build.0 = Autodesk Navisworks Manage 2017|Any CPU
		{7547CC7B-2BBE-4774-B188-42CA2F051143}.2019|x64.ActiveCfg = Autodesk Navisworks Manage 2017|Any CPU
		{7547CC7B-2BBE-4774-B188-42CA2F051143}.2019|x64.Build.0 = Autodesk Navisworks Manage 2017|Any CPU
		{7547CC7B-2BBE-4774-B188-42CA2F051143}.Autodesk Navisworks Manage 2017|Any CPU.ActiveCfg = Autodesk Navisworks Manage 2017|Any CPU
		{7547CC7B-2BBE-4774-B188-42CA2F051143}.Autodesk Navisworks Manage 2017|Any CPU.Build.0 = Autodesk Navisworks Manage 2017|Any CPU
		{7547CC7B-2BBE-4774-B188-42CA2F051143}.Autodesk Navisworks Manage 2017|x64.ActiveCfg = Autodesk Navisworks Manage 2017|Any CPU
		{7547CC7B-2BBE-4774-B188-42CA2F051143}.Autodesk Navisworks Manage 2017|x64.Build.0 = Autodesk Navisworks Manage 2017|Any CPU
		{7547CC7B-2BBE-4774-B188-42CA2F051143}.Autodesk Navisworks Manage 2018|Any CPU.ActiveCfg = Autodesk Navisworks Manage 2017|Any CPU
		{7547CC7B-2BBE-4774-B188-42CA2F051143}.Autodesk Navisworks Manage 2018|Any CPU.Build.0 = Autodesk Navisworks Manage 2017|Any CPU
		{7547CC7B-2BBE-4774-B188-42CA2F051143}.Autodesk Navisworks Manage 2018|x64.ActiveCfg = Autodesk Navisworks Manage 2017|Any CPU
		{7547CC7B-2BBE-4774-B188-42CA2F051143}.Autodesk Navisworks Manage 2018|x64.Build.0 = Autodesk Navisworks Manage 2017|Any CPU
		{7547CC7B-2BBE-4774-B188-42CA2F051143}.Autodesk Navisworks Manage 2019|Any CPU.ActiveCfg = Autodesk Navisworks Manage 2017|Any CPU
		{7547CC7B-2BBE-4774-B188-42CA2F051143}.Autodesk Navisworks Manage 2019|Any CPU.Build.0 = Autodesk Navisworks Manage 2017|Any CPU
		{7547CC7B-2BBE-4774-B188-42CA2F051143}.Autodesk Navisworks Manage 2019|x64.ActiveCfg = Autodesk Navisworks Manage 2017|Any CPU
		{7547CC7B-2BBE-4774-B188-42CA2F051143}.Autodesk Navisworks Manage 2019|x64.Build.0 = Autodesk Navisworks Manage 2017|Any CPU
		{7547CC7B-2BBE-4774-B188-42CA2F051143}.Debug|Any CPU.ActiveCfg = Debug|Any CPU
		{7547CC7B-2BBE-4774-B188-42CA2F051143}.Debug|Any CPU.Build.0 = Debug|Any CPU
		{7547CC7B-2BBE-4774-B188-42CA2F051143}.Debug|x64.ActiveCfg = Debug|Any CPU
		{7547CC7B-2BBE-4774-B188-42CA2F051143}.Debug|x64.Build.0 = Debug|Any CPU
		{7547CC7B-2BBE-4774-B188-42CA2F051143}.Release|Any CPU.ActiveCfg = Release|Any CPU
		{7547CC7B-2BBE-4774-B188-42CA2F051143}.Release|Any CPU.Build.0 = Release|Any CPU
		{7547CC7B-2BBE-4774-B188-42CA2F051143}.Release|x64.ActiveCfg = Release|Any CPU
		{7547CC7B-2BBE-4774-B188-42CA2F051143}.Release|x64.Build.0 = Release|Any CPU
	EndGlobalSection
	GlobalSection(SolutionProperties) = preSolution
		HideSolutionNode = FALSE
	EndGlobalSection
	GlobalSection(NestedProjects) = preSolution
		{0CF6E1A1-FD98-41C4-B377-3C7324361B63} = {3B2545FA-5F76-45C2-8DDF-DCC6A3C7D9D3}
		{03FEEE33-461A-45B4-BD6F-7154E58A12DB} = {3B2545FA-5F76-45C2-8DDF-DCC6A3C7D9D3}
		{C3CEEF5C-D8F0-40FD-A836-4D98EE2C6007} = {CB677853-84B0-4B9A-AC80-859EDFD60C46}
		{1840F78A-99B9-4B51-A571-A97CC7BC8802} = {CB677853-84B0-4B9A-AC80-859EDFD60C46}
		{6764EF22-53EC-4100-92BC-DCC96144236B} = {76EA1884-A36E-47E1-99D3-CF6ACFE7DDD3}
		{7547CC7B-2BBE-4774-B188-42CA2F051143} = {76EA1884-A36E-47E1-99D3-CF6ACFE7DDD3}
	EndGlobalSection
	GlobalSection(ExtensibilityGlobals) = postSolution
		BuildVersion_StartDate = 2000/1/1
		SolutionGuid = {58CD9914-8E9C-4804-9C25-4E86EEC6B9C1}
	EndGlobalSection
EndGlobal
